// !$*UTF8*$!
{
	archiveVersion = 1;
	classes = {
	};
	objectVersion = 56;
	objects = {

/* Begin PBXBuildFile section */
		1E75DD0C2ADD3A2C0053B4EF /* Home.storyboard in Resources */ = {isa = PBXBuildFile; fileRef = 1E75DD0B2ADD3A2C0053B4EF /* Home.storyboard */; };
		1E75DD0E2ADD3F000053B4EF /* User.storyboard in Resources */ = {isa = PBXBuildFile; fileRef = 1E75DD0D2ADD3F000053B4EF /* User.storyboard */; };
		1E75DD102ADD3F140053B4EF /* Products.storyboard in Resources */ = {isa = PBXBuildFile; fileRef = 1E75DD0F2ADD3F140053B4EF /* Products.storyboard */; };
		1E75DD122ADD3F1E0053B4EF /* MyPage.storyboard in Resources */ = {isa = PBXBuildFile; fileRef = 1E75DD112ADD3F1E0053B4EF /* MyPage.storyboard */; };
		1E75DD142ADD3F290053B4EF /* LogIn.storyboard in Resources */ = {isa = PBXBuildFile; fileRef = 1E75DD132ADD3F290053B4EF /* LogIn.storyboard */; };
		1ECD9DE42ADD34E5008DC85F /* AppDelegate.swift in Sources */ = {isa = PBXBuildFile; fileRef = 1ECD9DE32ADD34E5008DC85F /* AppDelegate.swift */; };
		1ECD9DE62ADD34E5008DC85F /* SceneDelegate.swift in Sources */ = {isa = PBXBuildFile; fileRef = 1ECD9DE52ADD34E5008DC85F /* SceneDelegate.swift */; };
		1ECD9DE82ADD34E5008DC85F /* HomeViewController.swift in Sources */ = {isa = PBXBuildFile; fileRef = 1ECD9DE72ADD34E5008DC85F /* HomeViewController.swift */; };
		1ECD9DEB2ADD34E5008DC85F /* Main.storyboard in Resources */ = {isa = PBXBuildFile; fileRef = 1ECD9DE92ADD34E5008DC85F /* Main.storyboard */; };
		1ECD9DED2ADD34E6008DC85F /* Assets.xcassets in Resources */ = {isa = PBXBuildFile; fileRef = 1ECD9DEC2ADD34E6008DC85F /* Assets.xcassets */; };
		1ECD9DF02ADD34E6008DC85F /* LaunchScreen.storyboard in Resources */ = {isa = PBXBuildFile; fileRef = 1ECD9DEE2ADD34E6008DC85F /* LaunchScreen.storyboard */; };
		1EFFEC732AE13E58006EBD97 /* KakaoSDK in Frameworks */ = {isa = PBXBuildFile; productRef = 1EFFEC722AE13E58006EBD97 /* KakaoSDK */; };
		1EFFEC752AE13E58006EBD97 /* KakaoSDKAuth in Frameworks */ = {isa = PBXBuildFile; productRef = 1EFFEC742AE13E58006EBD97 /* KakaoSDKAuth */; };
		1EFFEC772AE13E58006EBD97 /* KakaoSDKCert in Frameworks */ = {isa = PBXBuildFile; productRef = 1EFFEC762AE13E58006EBD97 /* KakaoSDKCert */; };
		1EFFEC792AE13E58006EBD97 /* KakaoSDKCertCore in Frameworks */ = {isa = PBXBuildFile; productRef = 1EFFEC782AE13E58006EBD97 /* KakaoSDKCertCore */; };
		1EFFEC7B2AE13E58006EBD97 /* KakaoSDKCommon in Frameworks */ = {isa = PBXBuildFile; productRef = 1EFFEC7A2AE13E58006EBD97 /* KakaoSDKCommon */; };
		1EFFEC7D2AE13E58006EBD97 /* KakaoSDKFriend in Frameworks */ = {isa = PBXBuildFile; productRef = 1EFFEC7C2AE13E58006EBD97 /* KakaoSDKFriend */; };
		1EFFEC7F2AE13E58006EBD97 /* KakaoSDKFriendCore in Frameworks */ = {isa = PBXBuildFile; productRef = 1EFFEC7E2AE13E58006EBD97 /* KakaoSDKFriendCore */; };
		1EFFEC812AE13E58006EBD97 /* KakaoSDKNavi in Frameworks */ = {isa = PBXBuildFile; productRef = 1EFFEC802AE13E58006EBD97 /* KakaoSDKNavi */; };
		1EFFEC832AE13E58006EBD97 /* KakaoSDKShare in Frameworks */ = {isa = PBXBuildFile; productRef = 1EFFEC822AE13E58006EBD97 /* KakaoSDKShare */; };
		1EFFEC852AE13E58006EBD97 /* KakaoSDKStory in Frameworks */ = {isa = PBXBuildFile; productRef = 1EFFEC842AE13E58006EBD97 /* KakaoSDKStory */; };
		1EFFEC872AE13E58006EBD97 /* KakaoSDKTalk in Frameworks */ = {isa = PBXBuildFile; productRef = 1EFFEC862AE13E58006EBD97 /* KakaoSDKTalk */; };
		1EFFEC892AE13E58006EBD97 /* KakaoSDKTemplate in Frameworks */ = {isa = PBXBuildFile; productRef = 1EFFEC882AE13E58006EBD97 /* KakaoSDKTemplate */; };
		1EFFEC8B2AE13E58006EBD97 /* KakaoSDKUser in Frameworks */ = {isa = PBXBuildFile; productRef = 1EFFEC8A2AE13E58006EBD97 /* KakaoSDKUser */; };
		1EFFEC8D2AE13E73006EBD97 /* KakaoSDK in Frameworks */ = {isa = PBXBuildFile; productRef = 1EFFEC8C2AE13E73006EBD97 /* KakaoSDK */; };
		1EFFEC8F2AE13E73006EBD97 /* KakaoSDKAuth in Frameworks */ = {isa = PBXBuildFile; productRef = 1EFFEC8E2AE13E73006EBD97 /* KakaoSDKAuth */; };
		1EFFEC912AE13E73006EBD97 /* KakaoSDKCert in Frameworks */ = {isa = PBXBuildFile; productRef = 1EFFEC902AE13E73006EBD97 /* KakaoSDKCert */; };
		1EFFEC932AE13E73006EBD97 /* KakaoSDKCertCore in Frameworks */ = {isa = PBXBuildFile; productRef = 1EFFEC922AE13E73006EBD97 /* KakaoSDKCertCore */; };
		1EFFEC952AE13E73006EBD97 /* KakaoSDKCommon in Frameworks */ = {isa = PBXBuildFile; productRef = 1EFFEC942AE13E73006EBD97 /* KakaoSDKCommon */; };
		1EFFEC972AE13E73006EBD97 /* KakaoSDKFriend in Frameworks */ = {isa = PBXBuildFile; productRef = 1EFFEC962AE13E73006EBD97 /* KakaoSDKFriend */; };
		1EFFEC992AE13E73006EBD97 /* KakaoSDKFriendCore in Frameworks */ = {isa = PBXBuildFile; productRef = 1EFFEC982AE13E73006EBD97 /* KakaoSDKFriendCore */; };
		1EFFEC9B2AE13E73006EBD97 /* KakaoSDKNavi in Frameworks */ = {isa = PBXBuildFile; productRef = 1EFFEC9A2AE13E73006EBD97 /* KakaoSDKNavi */; };
		1EFFEC9D2AE13E73006EBD97 /* KakaoSDKShare in Frameworks */ = {isa = PBXBuildFile; productRef = 1EFFEC9C2AE13E73006EBD97 /* KakaoSDKShare */; };
		1EFFEC9F2AE13E73006EBD97 /* KakaoSDKStory in Frameworks */ = {isa = PBXBuildFile; productRef = 1EFFEC9E2AE13E73006EBD97 /* KakaoSDKStory */; };
		1EFFECA12AE13E73006EBD97 /* KakaoSDKTalk in Frameworks */ = {isa = PBXBuildFile; productRef = 1EFFECA02AE13E73006EBD97 /* KakaoSDKTalk */; };
		1EFFECA32AE13E73006EBD97 /* KakaoSDKTemplate in Frameworks */ = {isa = PBXBuildFile; productRef = 1EFFECA22AE13E73006EBD97 /* KakaoSDKTemplate */; };
		1EFFECA52AE13E73006EBD97 /* KakaoSDKUser in Frameworks */ = {isa = PBXBuildFile; productRef = 1EFFECA42AE13E73006EBD97 /* KakaoSDKUser */; };
		1EFFECA82AE14441006EBD97 /* KakaoAuthVM.swift in Sources */ = {isa = PBXBuildFile; fileRef = 1EFFECA72AE14441006EBD97 /* KakaoAuthVM.swift */; };
		1EFFECAA2AE1455C006EBD97 /* LogIn_ViewController.swift in Sources */ = {isa = PBXBuildFile; fileRef = 1EFFECA92AE1455C006EBD97 /* LogIn_ViewController.swift */; };
		1EFFECAD2AE145B9006EBD97 /* SnapKit in Frameworks */ = {isa = PBXBuildFile; productRef = 1EFFECAC2AE145B9006EBD97 /* SnapKit */; };
		1EFFECAF2AE145B9006EBD97 /* SnapKit-Dynamic in Frameworks */ = {isa = PBXBuildFile; productRef = 1EFFECAE2AE145B9006EBD97 /* SnapKit-Dynamic */; };
		1EFFECB12AE1503A006EBD97 /* MyPage_ViewController.swift in Sources */ = {isa = PBXBuildFile; fileRef = 1EFFECB02AE1503A006EBD97 /* MyPage_ViewController.swift */; };
		1EFFECB42AE21125006EBD97 /* TossPayments in Frameworks */ = {isa = PBXBuildFile; productRef = 1EFFECB32AE21125006EBD97 /* TossPayments */; };
		8EC746068B46A5F24550DB60 /* Pods_Last_Project.framework in Frameworks */ = {isa = PBXBuildFile; fileRef = 4CB242311D2451ECFA37036D /* Pods_Last_Project.framework */; };
/* End PBXBuildFile section */

/* Begin PBXFileReference section */
		1E75DD0B2ADD3A2C0053B4EF /* Home.storyboard */ = {isa = PBXFileReference; lastKnownFileType = file.storyboard; path = Home.storyboard; sourceTree = "<group>"; };
		1E75DD0D2ADD3F000053B4EF /* User.storyboard */ = {isa = PBXFileReference; lastKnownFileType = file.storyboard; path = User.storyboard; sourceTree = "<group>"; };
		1E75DD0F2ADD3F140053B4EF /* Products.storyboard */ = {isa = PBXFileReference; lastKnownFileType = file.storyboard; path = Products.storyboard; sourceTree = "<group>"; };
		1E75DD112ADD3F1E0053B4EF /* MyPage.storyboard */ = {isa = PBXFileReference; lastKnownFileType = file.storyboard; path = MyPage.storyboard; sourceTree = "<group>"; };
		1E75DD132ADD3F290053B4EF /* LogIn.storyboard */ = {isa = PBXFileReference; lastKnownFileType = file.storyboard; path = LogIn.storyboard; sourceTree = "<group>"; };
		1ECD9DE02ADD34E5008DC85F /* Last Project.app */ = {isa = PBXFileReference; explicitFileType = wrapper.application; includeInIndex = 0; path = "Last Project.app"; sourceTree = BUILT_PRODUCTS_DIR; };
		1ECD9DE32ADD34E5008DC85F /* AppDelegate.swift */ = {isa = PBXFileReference; lastKnownFileType = sourcecode.swift; path = AppDelegate.swift; sourceTree = "<group>"; };
		1ECD9DE52ADD34E5008DC85F /* SceneDelegate.swift */ = {isa = PBXFileReference; lastKnownFileType = sourcecode.swift; path = SceneDelegate.swift; sourceTree = "<group>"; };
		1ECD9DE72ADD34E5008DC85F /* HomeViewController.swift */ = {isa = PBXFileReference; lastKnownFileType = sourcecode.swift; path = HomeViewController.swift; sourceTree = "<group>"; };
		1ECD9DEA2ADD34E5008DC85F /* Base */ = {isa = PBXFileReference; lastKnownFileType = file.storyboard; name = Base; path = Base.lproj/Main.storyboard; sourceTree = "<group>"; };
		1ECD9DEC2ADD34E6008DC85F /* Assets.xcassets */ = {isa = PBXFileReference; lastKnownFileType = folder.assetcatalog; path = Assets.xcassets; sourceTree = "<group>"; };
		1ECD9DEF2ADD34E6008DC85F /* Base */ = {isa = PBXFileReference; lastKnownFileType = file.storyboard; name = Base; path = Base.lproj/LaunchScreen.storyboard; sourceTree = "<group>"; };
		1ECD9DF12ADD34E6008DC85F /* Info.plist */ = {isa = PBXFileReference; lastKnownFileType = text.plist.xml; path = Info.plist; sourceTree = "<group>"; };
		1EFFECA62AE13F7D006EBD97 /* Config.xcconfig */ = {isa = PBXFileReference; lastKnownFileType = text.xcconfig; path = Config.xcconfig; sourceTree = "<group>"; };
		1EFFECA72AE14441006EBD97 /* KakaoAuthVM.swift */ = {isa = PBXFileReference; lastKnownFileType = sourcecode.swift; path = KakaoAuthVM.swift; sourceTree = "<group>"; };
		1EFFECA92AE1455C006EBD97 /* LogIn_ViewController.swift */ = {isa = PBXFileReference; lastKnownFileType = sourcecode.swift; path = LogIn_ViewController.swift; sourceTree = "<group>"; };
		1EFFECB02AE1503A006EBD97 /* MyPage_ViewController.swift */ = {isa = PBXFileReference; lastKnownFileType = sourcecode.swift; path = MyPage_ViewController.swift; sourceTree = "<group>"; };
		4CB242311D2451ECFA37036D /* Pods_Last_Project.framework */ = {isa = PBXFileReference; explicitFileType = wrapper.framework; includeInIndex = 0; path = Pods_Last_Project.framework; sourceTree = BUILT_PRODUCTS_DIR; };
		7B6946AB2F8DBB7AA9C428E3 /* Pods-Last Project.debug.xcconfig */ = {isa = PBXFileReference; includeInIndex = 1; lastKnownFileType = text.xcconfig; name = "Pods-Last Project.debug.xcconfig"; path = "Target Support Files/Pods-Last Project/Pods-Last Project.debug.xcconfig"; sourceTree = "<group>"; };
		BE52C5CA8933FF2FC46C85C5 /* Pods-Last Project.release.xcconfig */ = {isa = PBXFileReference; includeInIndex = 1; lastKnownFileType = text.xcconfig; name = "Pods-Last Project.release.xcconfig"; path = "Target Support Files/Pods-Last Project/Pods-Last Project.release.xcconfig"; sourceTree = "<group>"; };
/* End PBXFileReference section */

/* Begin PBXFrameworksBuildPhase section */
		1ECD9DDD2ADD34E5008DC85F /* Frameworks */ = {
			isa = PBXFrameworksBuildPhase;
			buildActionMask = 2147483647;
			files = (
				8EC746068B46A5F24550DB60 /* Pods_Last_Project.framework in Frameworks */,
				1EFFEC7D2AE13E58006EBD97 /* KakaoSDKFriend in Frameworks */,
				1EFFEC732AE13E58006EBD97 /* KakaoSDK in Frameworks */,
				1EFFEC972AE13E73006EBD97 /* KakaoSDKFriend in Frameworks */,
				1EFFEC812AE13E58006EBD97 /* KakaoSDKNavi in Frameworks */,
				1EFFEC792AE13E58006EBD97 /* KakaoSDKCertCore in Frameworks */,
				1EFFEC952AE13E73006EBD97 /* KakaoSDKCommon in Frameworks */,
				1EFFEC852AE13E58006EBD97 /* KakaoSDKStory in Frameworks */,
				1EFFEC7F2AE13E58006EBD97 /* KakaoSDKFriendCore in Frameworks */,
				1EFFEC8F2AE13E73006EBD97 /* KakaoSDKAuth in Frameworks */,
				1EFFEC932AE13E73006EBD97 /* KakaoSDKCertCore in Frameworks */,
				1EFFECA32AE13E73006EBD97 /* KakaoSDKTemplate in Frameworks */,
				1EFFEC912AE13E73006EBD97 /* KakaoSDKCert in Frameworks */,
				1EFFEC752AE13E58006EBD97 /* KakaoSDKAuth in Frameworks */,
				1EFFEC9D2AE13E73006EBD97 /* KakaoSDKShare in Frameworks */,
				1EFFEC832AE13E58006EBD97 /* KakaoSDKShare in Frameworks */,
				1EFFEC992AE13E73006EBD97 /* KakaoSDKFriendCore in Frameworks */,
				1EFFECAD2AE145B9006EBD97 /* SnapKit in Frameworks */,
				1EFFECAF2AE145B9006EBD97 /* SnapKit-Dynamic in Frameworks */,
				1EFFEC9B2AE13E73006EBD97 /* KakaoSDKNavi in Frameworks */,
				1EFFEC872AE13E58006EBD97 /* KakaoSDKTalk in Frameworks */,
				1EFFEC8B2AE13E58006EBD97 /* KakaoSDKUser in Frameworks */,
				1EFFECB42AE21125006EBD97 /* TossPayments in Frameworks */,
				1EFFEC8D2AE13E73006EBD97 /* KakaoSDK in Frameworks */,
				1EFFEC7B2AE13E58006EBD97 /* KakaoSDKCommon in Frameworks */,
				1EFFEC892AE13E58006EBD97 /* KakaoSDKTemplate in Frameworks */,
				1EFFECA12AE13E73006EBD97 /* KakaoSDKTalk in Frameworks */,
				1EFFEC772AE13E58006EBD97 /* KakaoSDKCert in Frameworks */,
				1EFFEC9F2AE13E73006EBD97 /* KakaoSDKStory in Frameworks */,
				1EFFECA52AE13E73006EBD97 /* KakaoSDKUser in Frameworks */,
			);
			runOnlyForDeploymentPostprocessing = 0;
		};
/* End PBXFrameworksBuildPhase section */

/* Begin PBXGroup section */
		1E75DD0A2ADD39CC0053B4EF /* Storyboard */ = {
			isa = PBXGroup;
			children = (
				1ECD9DE92ADD34E5008DC85F /* Main.storyboard */,
				1E75DD0B2ADD3A2C0053B4EF /* Home.storyboard */,
				1E75DD0D2ADD3F000053B4EF /* User.storyboard */,
				1E75DD0F2ADD3F140053B4EF /* Products.storyboard */,
				1E75DD112ADD3F1E0053B4EF /* MyPage.storyboard */,
				1E75DD132ADD3F290053B4EF /* LogIn.storyboard */,
			);
			path = Storyboard;
			sourceTree = "<group>";
		};
		1E75DD152ADD3FEB0053B4EF /* ViewController */ = {
			isa = PBXGroup;
			children = (
				1EFFECA92AE1455C006EBD97 /* LogIn_ViewController.swift */,
				1EFFECB02AE1503A006EBD97 /* MyPage_ViewController.swift */,
			);
			path = ViewController;
			sourceTree = "<group>";
		};
		1E75DD162ADD3FF60053B4EF /* Serviece */ = {
			isa = PBXGroup;
			children = (
			);
			path = Serviece;
			sourceTree = "<group>";
		};
		1E75DD172ADD40020053B4EF /* ViewModel */ = {
			isa = PBXGroup;
			children = (
				1EFFECA72AE14441006EBD97 /* KakaoAuthVM.swift */,
			);
			path = ViewModel;
			sourceTree = "<group>";
		};
		1E75DD182ADD400C0053B4EF /* Model */ = {
			isa = PBXGroup;
			children = (
				1E75DD1A2ADD401E0053B4EF /* DBModel */,
				1E75DD192ADD40160053B4EF /* JSONModel */,
			);
			path = Model;
			sourceTree = "<group>";
		};
		1E75DD192ADD40160053B4EF /* JSONModel */ = {
			isa = PBXGroup;
			children = (
			);
			path = JSONModel;
			sourceTree = "<group>";
		};
		1E75DD1A2ADD401E0053B4EF /* DBModel */ = {
			isa = PBXGroup;
			children = (
			);
			path = DBModel;
			sourceTree = "<group>";
		};
		1ECD9DD72ADD34E5008DC85F = {
			isa = PBXGroup;
			children = (
				1ECD9DE22ADD34E5008DC85F /* Last Project */,
				1ECD9DE12ADD34E5008DC85F /* Products */,
				9A4114CC1EE382C4E9FCEA86 /* Pods */,
				B73E93BEF208EDA9CB3C2E0C /* Frameworks */,
			);
			sourceTree = "<group>";
		};
		1ECD9DE12ADD34E5008DC85F /* Products */ = {
			isa = PBXGroup;
			children = (
				1ECD9DE02ADD34E5008DC85F /* Last Project.app */,
			);
			name = Products;
			sourceTree = "<group>";
		};
		1ECD9DE22ADD34E5008DC85F /* Last Project */ = {
			isa = PBXGroup;
			children = (
				1E75DD182ADD400C0053B4EF /* Model */,
				1E75DD172ADD40020053B4EF /* ViewModel */,
				1E75DD162ADD3FF60053B4EF /* Serviece */,
				1E75DD152ADD3FEB0053B4EF /* ViewController */,
				1E75DD0A2ADD39CC0053B4EF /* Storyboard */,
				1ECD9DE32ADD34E5008DC85F /* AppDelegate.swift */,
				1ECD9DE52ADD34E5008DC85F /* SceneDelegate.swift */,
				1ECD9DE72ADD34E5008DC85F /* HomeViewController.swift */,
				1ECD9DEC2ADD34E6008DC85F /* Assets.xcassets */,
				1ECD9DEE2ADD34E6008DC85F /* LaunchScreen.storyboard */,
				1ECD9DF12ADD34E6008DC85F /* Info.plist */,
				1EFFECA62AE13F7D006EBD97 /* Config.xcconfig */,
			);
			path = "Last Project";
			sourceTree = "<group>";
		};
		9A4114CC1EE382C4E9FCEA86 /* Pods */ = {
			isa = PBXGroup;
			children = (
				7B6946AB2F8DBB7AA9C428E3 /* Pods-Last Project.debug.xcconfig */,
				BE52C5CA8933FF2FC46C85C5 /* Pods-Last Project.release.xcconfig */,
			);
			path = Pods;
			sourceTree = "<group>";
		};
		B73E93BEF208EDA9CB3C2E0C /* Frameworks */ = {
			isa = PBXGroup;
			children = (
				4CB242311D2451ECFA37036D /* Pods_Last_Project.framework */,
			);
			name = Frameworks;
			sourceTree = "<group>";
		};
/* End PBXGroup section */

/* Begin PBXNativeTarget section */
		1ECD9DDF2ADD34E5008DC85F /* Last Project */ = {
			isa = PBXNativeTarget;
			buildConfigurationList = 1ECD9DF42ADD34E6008DC85F /* Build configuration list for PBXNativeTarget "Last Project" */;
			buildPhases = (
				CCDFBE41B2ABDBEC12184895 /* [CP] Check Pods Manifest.lock */,
				1ECD9DDC2ADD34E5008DC85F /* Sources */,
				1ECD9DDD2ADD34E5008DC85F /* Frameworks */,
				1ECD9DDE2ADD34E5008DC85F /* Resources */,
			);
			buildRules = (
			);
			dependencies = (
			);
			name = "Last Project";
			packageProductDependencies = (
				1EFFEC722AE13E58006EBD97 /* KakaoSDK */,
				1EFFEC742AE13E58006EBD97 /* KakaoSDKAuth */,
				1EFFEC762AE13E58006EBD97 /* KakaoSDKCert */,
				1EFFEC782AE13E58006EBD97 /* KakaoSDKCertCore */,
				1EFFEC7A2AE13E58006EBD97 /* KakaoSDKCommon */,
				1EFFEC7C2AE13E58006EBD97 /* KakaoSDKFriend */,
				1EFFEC7E2AE13E58006EBD97 /* KakaoSDKFriendCore */,
				1EFFEC802AE13E58006EBD97 /* KakaoSDKNavi */,
				1EFFEC822AE13E58006EBD97 /* KakaoSDKShare */,
				1EFFEC842AE13E58006EBD97 /* KakaoSDKStory */,
				1EFFEC862AE13E58006EBD97 /* KakaoSDKTalk */,
				1EFFEC882AE13E58006EBD97 /* KakaoSDKTemplate */,
				1EFFEC8A2AE13E58006EBD97 /* KakaoSDKUser */,
				1EFFEC8C2AE13E73006EBD97 /* KakaoSDK */,
				1EFFEC8E2AE13E73006EBD97 /* KakaoSDKAuth */,
				1EFFEC902AE13E73006EBD97 /* KakaoSDKCert */,
				1EFFEC922AE13E73006EBD97 /* KakaoSDKCertCore */,
				1EFFEC942AE13E73006EBD97 /* KakaoSDKCommon */,
				1EFFEC962AE13E73006EBD97 /* KakaoSDKFriend */,
				1EFFEC982AE13E73006EBD97 /* KakaoSDKFriendCore */,
				1EFFEC9A2AE13E73006EBD97 /* KakaoSDKNavi */,
				1EFFEC9C2AE13E73006EBD97 /* KakaoSDKShare */,
				1EFFEC9E2AE13E73006EBD97 /* KakaoSDKStory */,
				1EFFECA02AE13E73006EBD97 /* KakaoSDKTalk */,
				1EFFECA22AE13E73006EBD97 /* KakaoSDKTemplate */,
				1EFFECA42AE13E73006EBD97 /* KakaoSDKUser */,
				1EFFECAC2AE145B9006EBD97 /* SnapKit */,
				1EFFECAE2AE145B9006EBD97 /* SnapKit-Dynamic */,
				1EFFECB32AE21125006EBD97 /* TossPayments */,
			);
			productName = "Last Project";
			productReference = 1ECD9DE02ADD34E5008DC85F /* Last Project.app */;
			productType = "com.apple.product-type.application";
		};
/* End PBXNativeTarget section */

/* Begin PBXProject section */
		1ECD9DD82ADD34E5008DC85F /* Project object */ = {
			isa = PBXProject;
			attributes = {
				BuildIndependentTargetsInParallel = 1;
				LastSwiftUpdateCheck = 1500;
				LastUpgradeCheck = 1500;
				TargetAttributes = {
					1ECD9DDF2ADD34E5008DC85F = {
						CreatedOnToolsVersion = 15.0;
					};
				};
			};
			buildConfigurationList = 1ECD9DDB2ADD34E5008DC85F /* Build configuration list for PBXProject "Last Project" */;
			compatibilityVersion = "Xcode 14.0";
			developmentRegion = en;
			hasScannedForEncodings = 0;
			knownRegions = (
				en,
				Base,
			);
			mainGroup = 1ECD9DD72ADD34E5008DC85F;
			packageReferences = (
				1EFFEC712AE13E58006EBD97 /* XCRemoteSwiftPackageReference "kakao-ios-sdk" */,
				1EFFECAB2AE145B9006EBD97 /* XCRemoteSwiftPackageReference "SnapKit" */,
				1EFFECB22AE21125006EBD97 /* XCRemoteSwiftPackageReference "payment-sdk-ios" */,
			);
			productRefGroup = 1ECD9DE12ADD34E5008DC85F /* Products */;
			projectDirPath = "";
			projectRoot = "";
			targets = (
				1ECD9DDF2ADD34E5008DC85F /* Last Project */,
			);
		};
/* End PBXProject section */

/* Begin PBXResourcesBuildPhase section */
		1ECD9DDE2ADD34E5008DC85F /* Resources */ = {
			isa = PBXResourcesBuildPhase;
			buildActionMask = 2147483647;
			files = (
				1E75DD142ADD3F290053B4EF /* LogIn.storyboard in Resources */,
				1E75DD102ADD3F140053B4EF /* Products.storyboard in Resources */,
				1ECD9DF02ADD34E6008DC85F /* LaunchScreen.storyboard in Resources */,
				1E75DD0E2ADD3F000053B4EF /* User.storyboard in Resources */,
				1ECD9DED2ADD34E6008DC85F /* Assets.xcassets in Resources */,
				1E75DD122ADD3F1E0053B4EF /* MyPage.storyboard in Resources */,
				1ECD9DEB2ADD34E5008DC85F /* Main.storyboard in Resources */,
				1E75DD0C2ADD3A2C0053B4EF /* Home.storyboard in Resources */,
			);
			runOnlyForDeploymentPostprocessing = 0;
		};
/* End PBXResourcesBuildPhase section */

/* Begin PBXShellScriptBuildPhase section */
		CCDFBE41B2ABDBEC12184895 /* [CP] Check Pods Manifest.lock */ = {
			isa = PBXShellScriptBuildPhase;
			buildActionMask = 2147483647;
			files = (
			);
			inputFileListPaths = (
			);
			inputPaths = (
				"${PODS_PODFILE_DIR_PATH}/Podfile.lock",
				"${PODS_ROOT}/Manifest.lock",
			);
			name = "[CP] Check Pods Manifest.lock";
			outputFileListPaths = (
			);
			outputPaths = (
				"$(DERIVED_FILE_DIR)/Pods-Last Project-checkManifestLockResult.txt",
			);
			runOnlyForDeploymentPostprocessing = 0;
			shellPath = /bin/sh;
			shellScript = "diff \"${PODS_PODFILE_DIR_PATH}/Podfile.lock\" \"${PODS_ROOT}/Manifest.lock\" > /dev/null\nif [ $? != 0 ] ; then\n    # print error to STDERR\n    echo \"error: The sandbox is not in sync with the Podfile.lock. Run 'pod install' or update your CocoaPods installation.\" >&2\n    exit 1\nfi\n# This output is used by Xcode 'outputs' to avoid re-running this script phase.\necho \"SUCCESS\" > \"${SCRIPT_OUTPUT_FILE_0}\"\n";
			showEnvVarsInLog = 0;
		};
/* End PBXShellScriptBuildPhase section */

/* Begin PBXSourcesBuildPhase section */
		1ECD9DDC2ADD34E5008DC85F /* Sources */ = {
			isa = PBXSourcesBuildPhase;
			buildActionMask = 2147483647;
			files = (
				1EFFECA82AE14441006EBD97 /* KakaoAuthVM.swift in Sources */,
				1ECD9DE82ADD34E5008DC85F /* HomeViewController.swift in Sources */,
				1EFFECAA2AE1455C006EBD97 /* LogIn_ViewController.swift in Sources */,
				1EFFECB12AE1503A006EBD97 /* MyPage_ViewController.swift in Sources */,
				1ECD9DE42ADD34E5008DC85F /* AppDelegate.swift in Sources */,
				1ECD9DE62ADD34E5008DC85F /* SceneDelegate.swift in Sources */,
			);
			runOnlyForDeploymentPostprocessing = 0;
		};
/* End PBXSourcesBuildPhase section */

/* Begin PBXVariantGroup section */
		1ECD9DE92ADD34E5008DC85F /* Main.storyboard */ = {
			isa = PBXVariantGroup;
			children = (
				1ECD9DEA2ADD34E5008DC85F /* Base */,
			);
			name = Main.storyboard;
			sourceTree = "<group>";
		};
		1ECD9DEE2ADD34E6008DC85F /* LaunchScreen.storyboard */ = {
			isa = PBXVariantGroup;
			children = (
				1ECD9DEF2ADD34E6008DC85F /* Base */,
			);
			name = LaunchScreen.storyboard;
			sourceTree = "<group>";
		};
/* End PBXVariantGroup section */

/* Begin XCBuildConfiguration section */
		1ECD9DF22ADD34E6008DC85F /* Debug */ = {
			isa = XCBuildConfiguration;
			baseConfigurationReference = 1EFFECA62AE13F7D006EBD97 /* Config.xcconfig */;
			buildSettings = {
				ALWAYS_SEARCH_USER_PATHS = NO;
				ASSETCATALOG_COMPILER_GENERATE_SWIFT_ASSET_SYMBOL_EXTENSIONS = YES;
				CLANG_ANALYZER_NONNULL = YES;
				CLANG_ANALYZER_NUMBER_OBJECT_CONVERSION = YES_AGGRESSIVE;
				CLANG_CXX_LANGUAGE_STANDARD = "gnu++20";
				CLANG_ENABLE_MODULES = YES;
				CLANG_ENABLE_OBJC_ARC = YES;
				CLANG_ENABLE_OBJC_WEAK = YES;
				CLANG_WARN_BLOCK_CAPTURE_AUTORELEASING = YES;
				CLANG_WARN_BOOL_CONVERSION = YES;
				CLANG_WARN_COMMA = YES;
				CLANG_WARN_CONSTANT_CONVERSION = YES;
				CLANG_WARN_DEPRECATED_OBJC_IMPLEMENTATIONS = YES;
				CLANG_WARN_DIRECT_OBJC_ISA_USAGE = YES_ERROR;
				CLANG_WARN_DOCUMENTATION_COMMENTS = YES;
				CLANG_WARN_EMPTY_BODY = YES;
				CLANG_WARN_ENUM_CONVERSION = YES;
				CLANG_WARN_INFINITE_RECURSION = YES;
				CLANG_WARN_INT_CONVERSION = YES;
				CLANG_WARN_NON_LITERAL_NULL_CONVERSION = YES;
				CLANG_WARN_OBJC_IMPLICIT_RETAIN_SELF = YES;
				CLANG_WARN_OBJC_LITERAL_CONVERSION = YES;
				CLANG_WARN_OBJC_ROOT_CLASS = YES_ERROR;
				CLANG_WARN_QUOTED_INCLUDE_IN_FRAMEWORK_HEADER = YES;
				CLANG_WARN_RANGE_LOOP_ANALYSIS = YES;
				CLANG_WARN_STRICT_PROTOTYPES = YES;
				CLANG_WARN_SUSPICIOUS_MOVE = YES;
				CLANG_WARN_UNGUARDED_AVAILABILITY = YES_AGGRESSIVE;
				CLANG_WARN_UNREACHABLE_CODE = YES;
				CLANG_WARN__DUPLICATE_METHOD_MATCH = YES;
				COPY_PHASE_STRIP = NO;
				DEBUG_INFORMATION_FORMAT = dwarf;
				ENABLE_STRICT_OBJC_MSGSEND = YES;
				ENABLE_TESTABILITY = YES;
				ENABLE_USER_SCRIPT_SANDBOXING = YES;
				GCC_C_LANGUAGE_STANDARD = gnu17;
				GCC_DYNAMIC_NO_PIC = NO;
				GCC_NO_COMMON_BLOCKS = YES;
				GCC_OPTIMIZATION_LEVEL = 0;
				GCC_PREPROCESSOR_DEFINITIONS = (
					"DEBUG=1",
					"$(inherited)",
				);
				GCC_WARN_64_TO_32_BIT_CONVERSION = YES;
				GCC_WARN_ABOUT_RETURN_TYPE = YES_ERROR;
				GCC_WARN_UNDECLARED_SELECTOR = YES;
				GCC_WARN_UNINITIALIZED_AUTOS = YES_AGGRESSIVE;
				GCC_WARN_UNUSED_FUNCTION = YES;
				GCC_WARN_UNUSED_VARIABLE = YES;
				IPHONEOS_DEPLOYMENT_TARGET = 15.0;
				LOCALIZATION_PREFERS_STRING_CATALOGS = YES;
				MTL_ENABLE_DEBUG_INFO = INCLUDE_SOURCE;
				MTL_FAST_MATH = YES;
				ONLY_ACTIVE_ARCH = YES;
				SDKROOT = iphoneos;
				SWIFT_ACTIVE_COMPILATION_CONDITIONS = "DEBUG $(inherited)";
				SWIFT_OPTIMIZATION_LEVEL = "-Onone";
			};
			name = Debug;
		};
		1ECD9DF32ADD34E6008DC85F /* Release */ = {
			isa = XCBuildConfiguration;
			baseConfigurationReference = 1EFFECA62AE13F7D006EBD97 /* Config.xcconfig */;
			buildSettings = {
				ALWAYS_SEARCH_USER_PATHS = NO;
				ASSETCATALOG_COMPILER_GENERATE_SWIFT_ASSET_SYMBOL_EXTENSIONS = YES;
				CLANG_ANALYZER_NONNULL = YES;
				CLANG_ANALYZER_NUMBER_OBJECT_CONVERSION = YES_AGGRESSIVE;
				CLANG_CXX_LANGUAGE_STANDARD = "gnu++20";
				CLANG_ENABLE_MODULES = YES;
				CLANG_ENABLE_OBJC_ARC = YES;
				CLANG_ENABLE_OBJC_WEAK = YES;
				CLANG_WARN_BLOCK_CAPTURE_AUTORELEASING = YES;
				CLANG_WARN_BOOL_CONVERSION = YES;
				CLANG_WARN_COMMA = YES;
				CLANG_WARN_CONSTANT_CONVERSION = YES;
				CLANG_WARN_DEPRECATED_OBJC_IMPLEMENTATIONS = YES;
				CLANG_WARN_DIRECT_OBJC_ISA_USAGE = YES_ERROR;
				CLANG_WARN_DOCUMENTATION_COMMENTS = YES;
				CLANG_WARN_EMPTY_BODY = YES;
				CLANG_WARN_ENUM_CONVERSION = YES;
				CLANG_WARN_INFINITE_RECURSION = YES;
				CLANG_WARN_INT_CONVERSION = YES;
				CLANG_WARN_NON_LITERAL_NULL_CONVERSION = YES;
				CLANG_WARN_OBJC_IMPLICIT_RETAIN_SELF = YES;
				CLANG_WARN_OBJC_LITERAL_CONVERSION = YES;
				CLANG_WARN_OBJC_ROOT_CLASS = YES_ERROR;
				CLANG_WARN_QUOTED_INCLUDE_IN_FRAMEWORK_HEADER = YES;
				CLANG_WARN_RANGE_LOOP_ANALYSIS = YES;
				CLANG_WARN_STRICT_PROTOTYPES = YES;
				CLANG_WARN_SUSPICIOUS_MOVE = YES;
				CLANG_WARN_UNGUARDED_AVAILABILITY = YES_AGGRESSIVE;
				CLANG_WARN_UNREACHABLE_CODE = YES;
				CLANG_WARN__DUPLICATE_METHOD_MATCH = YES;
				COPY_PHASE_STRIP = NO;
				DEBUG_INFORMATION_FORMAT = "dwarf-with-dsym";
				ENABLE_NS_ASSERTIONS = NO;
				ENABLE_STRICT_OBJC_MSGSEND = YES;
				ENABLE_USER_SCRIPT_SANDBOXING = YES;
				GCC_C_LANGUAGE_STANDARD = gnu17;
				GCC_NO_COMMON_BLOCKS = YES;
				GCC_WARN_64_TO_32_BIT_CONVERSION = YES;
				GCC_WARN_ABOUT_RETURN_TYPE = YES_ERROR;
				GCC_WARN_UNDECLARED_SELECTOR = YES;
				GCC_WARN_UNINITIALIZED_AUTOS = YES_AGGRESSIVE;
				GCC_WARN_UNUSED_FUNCTION = YES;
				GCC_WARN_UNUSED_VARIABLE = YES;
				IPHONEOS_DEPLOYMENT_TARGET = 15.0;
				LOCALIZATION_PREFERS_STRING_CATALOGS = YES;
				MTL_ENABLE_DEBUG_INFO = NO;
				MTL_FAST_MATH = YES;
				SDKROOT = iphoneos;
				SWIFT_COMPILATION_MODE = wholemodule;
				VALIDATE_PRODUCT = YES;
			};
			name = Release;
		};
		1ECD9DF52ADD34E6008DC85F /* Debug */ = {
			isa = XCBuildConfiguration;
			baseConfigurationReference = 7B6946AB2F8DBB7AA9C428E3 /* Pods-Last Project.debug.xcconfig */;
			buildSettings = {
				ASSETCATALOG_COMPILER_APPICON_NAME = AppIcon;
				ASSETCATALOG_COMPILER_GLOBAL_ACCENT_COLOR_NAME = AccentColor;
				CODE_SIGN_STYLE = Automatic;
				CURRENT_PROJECT_VERSION = 1;
				DEVELOPMENT_TEAM = GALH27T5F8;
				GENERATE_INFOPLIST_FILE = YES;
				INFOPLIST_FILE = "Last Project/Info.plist";
				INFOPLIST_KEY_UIApplicationSupportsIndirectInputEvents = YES;
				INFOPLIST_KEY_UILaunchStoryboardName = LaunchScreen;
				INFOPLIST_KEY_UIMainStoryboardFile = Main;
				INFOPLIST_KEY_UISupportedInterfaceOrientations_iPad = "UIInterfaceOrientationPortrait UIInterfaceOrientationPortraitUpsideDown UIInterfaceOrientationLandscapeLeft UIInterfaceOrientationLandscapeRight";
				INFOPLIST_KEY_UISupportedInterfaceOrientations_iPhone = "UIInterfaceOrientationPortrait UIInterfaceOrientationLandscapeLeft UIInterfaceOrientationLandscapeRight";
				LD_RUNPATH_SEARCH_PATHS = (
					"$(inherited)",
					"@executable_path/Frameworks",
				);
				MARKETING_VERSION = 1.0;
				PRODUCT_BUNDLE_IDENTIFIER = "com.swiftlec.Last-Project";
				PRODUCT_NAME = "$(TARGET_NAME)";
				SWIFT_EMIT_LOC_STRINGS = YES;
				SWIFT_VERSION = 5.0;
				TARGETED_DEVICE_FAMILY = "1,2";
			};
			name = Debug;
		};
		1ECD9DF62ADD34E6008DC85F /* Release */ = {
			isa = XCBuildConfiguration;
			baseConfigurationReference = 7B6946AB2F8DBB7AA9C428E3 /* Pods-Last Project.debug.xcconfig */;
			buildSettings = {
				ASSETCATALOG_COMPILER_APPICON_NAME = AppIcon;
				ASSETCATALOG_COMPILER_GLOBAL_ACCENT_COLOR_NAME = AccentColor;
				CODE_SIGN_STYLE = Automatic;
				CURRENT_PROJECT_VERSION = 1;
				DEVELOPMENT_TEAM = GALH27T5F8;
				GENERATE_INFOPLIST_FILE = YES;
				INFOPLIST_FILE = "Last Project/Info.plist";
				INFOPLIST_KEY_UIApplicationSupportsIndirectInputEvents = YES;
				INFOPLIST_KEY_UILaunchStoryboardName = LaunchScreen;
				INFOPLIST_KEY_UIMainStoryboardFile = Main;
				INFOPLIST_KEY_UISupportedInterfaceOrientations_iPad = "UIInterfaceOrientationPortrait UIInterfaceOrientationPortraitUpsideDown UIInterfaceOrientationLandscapeLeft UIInterfaceOrientationLandscapeRight";
				INFOPLIST_KEY_UISupportedInterfaceOrientations_iPhone = "UIInterfaceOrientationPortrait UIInterfaceOrientationLandscapeLeft UIInterfaceOrientationLandscapeRight";
				LD_RUNPATH_SEARCH_PATHS = (
					"$(inherited)",
					"@executable_path/Frameworks",
				);
				MARKETING_VERSION = 1.0;
				PRODUCT_BUNDLE_IDENTIFIER = "com.swiftlec.Last-Project";
				PRODUCT_NAME = "$(TARGET_NAME)";
				SWIFT_EMIT_LOC_STRINGS = YES;
				SWIFT_VERSION = 5.0;
				TARGETED_DEVICE_FAMILY = "1,2";
			};
			name = Release;
		};
/* End XCBuildConfiguration section */

/* Begin XCConfigurationList section */
		1ECD9DDB2ADD34E5008DC85F /* Build configuration list for PBXProject "Last Project" */ = {
			isa = XCConfigurationList;
			buildConfigurations = (
				1ECD9DF22ADD34E6008DC85F /* Debug */,
				1ECD9DF32ADD34E6008DC85F /* Release */,
			);
			defaultConfigurationIsVisible = 0;
			defaultConfigurationName = Release;
		};
		1ECD9DF42ADD34E6008DC85F /* Build configuration list for PBXNativeTarget "Last Project" */ = {
			isa = XCConfigurationList;
			buildConfigurations = (
				1ECD9DF52ADD34E6008DC85F /* Debug */,
				1ECD9DF62ADD34E6008DC85F /* Release */,
			);
			defaultConfigurationIsVisible = 0;
			defaultConfigurationName = Release;
		};
/* End XCConfigurationList section */

/* Begin XCRemoteSwiftPackageReference section */
		1EFFEC712AE13E58006EBD97 /* XCRemoteSwiftPackageReference "kakao-ios-sdk" */ = {
			isa = XCRemoteSwiftPackageReference;
			repositoryURL = "https://github.com/kakao/kakao-ios-sdk";
			requirement = {
				kind = upToNextMajorVersion;
				minimumVersion = 2.18.0;
			};
		};
		1EFFECAB2AE145B9006EBD97 /* XCRemoteSwiftPackageReference "SnapKit" */ = {
			isa = XCRemoteSwiftPackageReference;
			repositoryURL = "https://github.com/SnapKit/SnapKit.git";
			requirement = {
				kind = upToNextMajorVersion;
				minimumVersion = 5.6.0;
			};
		};
		1EFFECB22AE21125006EBD97 /* XCRemoteSwiftPackageReference "payment-sdk-ios" */ = {
			isa = XCRemoteSwiftPackageReference;
			repositoryURL = "https://github.com/tosspayments/payment-sdk-ios.git";
			requirement = {
				kind = upToNextMajorVersion;
				minimumVersion = 0.1.25;
			};
		};
/* End XCRemoteSwiftPackageReference section */

/* Begin XCSwiftPackageProductDependency section */
		1EFFEC722AE13E58006EBD97 /* KakaoSDK */ = {
			isa = XCSwiftPackageProductDependency;
			package = 1EFFEC712AE13E58006EBD97 /* XCRemoteSwiftPackageReference "kakao-ios-sdk" */;
			productName = KakaoSDK;
		};
		1EFFEC742AE13E58006EBD97 /* KakaoSDKAuth */ = {
			isa = XCSwiftPackageProductDependency;
			package = 1EFFEC712AE13E58006EBD97 /* XCRemoteSwiftPackageReference "kakao-ios-sdk" */;
			productName = KakaoSDKAuth;
		};
		1EFFEC762AE13E58006EBD97 /* KakaoSDKCert */ = {
			isa = XCSwiftPackageProductDependency;
			package = 1EFFEC712AE13E58006EBD97 /* XCRemoteSwiftPackageReference "kakao-ios-sdk" */;
			productName = KakaoSDKCert;
		};
		1EFFEC782AE13E58006EBD97 /* KakaoSDKCertCore */ = {
			isa = XCSwiftPackageProductDependency;
			package = 1EFFEC712AE13E58006EBD97 /* XCRemoteSwiftPackageReference "kakao-ios-sdk" */;
			productName = KakaoSDKCertCore;
		};
		1EFFEC7A2AE13E58006EBD97 /* KakaoSDKCommon */ = {
			isa = XCSwiftPackageProductDependency;
			package = 1EFFEC712AE13E58006EBD97 /* XCRemoteSwiftPackageReference "kakao-ios-sdk" */;
			productName = KakaoSDKCommon;
		};
		1EFFEC7C2AE13E58006EBD97 /* KakaoSDKFriend */ = {
			isa = XCSwiftPackageProductDependency;
			package = 1EFFEC712AE13E58006EBD97 /* XCRemoteSwiftPackageReference "kakao-ios-sdk" */;
			productName = KakaoSDKFriend;
		};
		1EFFEC7E2AE13E58006EBD97 /* KakaoSDKFriendCore */ = {
			isa = XCSwiftPackageProductDependency;
			package = 1EFFEC712AE13E58006EBD97 /* XCRemoteSwiftPackageReference "kakao-ios-sdk" */;
			productName = KakaoSDKFriendCore;
		};
		1EFFEC802AE13E58006EBD97 /* KakaoSDKNavi */ = {
			isa = XCSwiftPackageProductDependency;
			package = 1EFFEC712AE13E58006EBD97 /* XCRemoteSwiftPackageReference "kakao-ios-sdk" */;
			productName = KakaoSDKNavi;
		};
		1EFFEC822AE13E58006EBD97 /* KakaoSDKShare */ = {
			isa = XCSwiftPackageProductDependency;
			package = 1EFFEC712AE13E58006EBD97 /* XCRemoteSwiftPackageReference "kakao-ios-sdk" */;
			productName = KakaoSDKShare;
		};
		1EFFEC842AE13E58006EBD97 /* KakaoSDKStory */ = {
			isa = XCSwiftPackageProductDependency;
			package = 1EFFEC712AE13E58006EBD97 /* XCRemoteSwiftPackageReference "kakao-ios-sdk" */;
			productName = KakaoSDKStory;
		};
		1EFFEC862AE13E58006EBD97 /* KakaoSDKTalk */ = {
			isa = XCSwiftPackageProductDependency;
			package = 1EFFEC712AE13E58006EBD97 /* XCRemoteSwiftPackageReference "kakao-ios-sdk" */;
			productName = KakaoSDKTalk;
		};
		1EFFEC882AE13E58006EBD97 /* KakaoSDKTemplate */ = {
			isa = XCSwiftPackageProductDependency;
			package = 1EFFEC712AE13E58006EBD97 /* XCRemoteSwiftPackageReference "kakao-ios-sdk" */;
			productName = KakaoSDKTemplate;
		};
		1EFFEC8A2AE13E58006EBD97 /* KakaoSDKUser */ = {
			isa = XCSwiftPackageProductDependency;
			package = 1EFFEC712AE13E58006EBD97 /* XCRemoteSwiftPackageReference "kakao-ios-sdk" */;
			productName = KakaoSDKUser;
		};
		1EFFEC8C2AE13E73006EBD97 /* KakaoSDK */ = {
			isa = XCSwiftPackageProductDependency;
			package = 1EFFEC712AE13E58006EBD97 /* XCRemoteSwiftPackageReference "kakao-ios-sdk" */;
			productName = KakaoSDK;
		};
		1EFFEC8E2AE13E73006EBD97 /* KakaoSDKAuth */ = {
			isa = XCSwiftPackageProductDependency;
			package = 1EFFEC712AE13E58006EBD97 /* XCRemoteSwiftPackageReference "kakao-ios-sdk" */;
			productName = KakaoSDKAuth;
		};
		1EFFEC902AE13E73006EBD97 /* KakaoSDKCert */ = {
			isa = XCSwiftPackageProductDependency;
			package = 1EFFEC712AE13E58006EBD97 /* XCRemoteSwiftPackageReference "kakao-ios-sdk" */;
			productName = KakaoSDKCert;
		};
		1EFFEC922AE13E73006EBD97 /* KakaoSDKCertCore */ = {
			isa = XCSwiftPackageProductDependency;
			package = 1EFFEC712AE13E58006EBD97 /* XCRemoteSwiftPackageReference "kakao-ios-sdk" */;
			productName = KakaoSDKCertCore;
		};
		1EFFEC942AE13E73006EBD97 /* KakaoSDKCommon */ = {
			isa = XCSwiftPackageProductDependency;
			package = 1EFFEC712AE13E58006EBD97 /* XCRemoteSwiftPackageReference "kakao-ios-sdk" */;
			productName = KakaoSDKCommon;
		};
		1EFFEC962AE13E73006EBD97 /* KakaoSDKFriend */ = {
			isa = XCSwiftPackageProductDependency;
			package = 1EFFEC712AE13E58006EBD97 /* XCRemoteSwiftPackageReference "kakao-ios-sdk" */;
			productName = KakaoSDKFriend;
		};
		1EFFEC982AE13E73006EBD97 /* KakaoSDKFriendCore */ = {
			isa = XCSwiftPackageProductDependency;
			package = 1EFFEC712AE13E58006EBD97 /* XCRemoteSwiftPackageReference "kakao-ios-sdk" */;
			productName = KakaoSDKFriendCore;
		};
		1EFFEC9A2AE13E73006EBD97 /* KakaoSDKNavi */ = {
			isa = XCSwiftPackageProductDependency;
			package = 1EFFEC712AE13E58006EBD97 /* XCRemoteSwiftPackageReference "kakao-ios-sdk" */;
			productName = KakaoSDKNavi;
		};
		1EFFEC9C2AE13E73006EBD97 /* KakaoSDKShare */ = {
			isa = XCSwiftPackageProductDependency;
			package = 1EFFEC712AE13E58006EBD97 /* XCRemoteSwiftPackageReference "kakao-ios-sdk" */;
			productName = KakaoSDKShare;
		};
		1EFFEC9E2AE13E73006EBD97 /* KakaoSDKStory */ = {
			isa = XCSwiftPackageProductDependency;
			package = 1EFFEC712AE13E58006EBD97 /* XCRemoteSwiftPackageReference "kakao-ios-sdk" */;
			productName = KakaoSDKStory;
		};
		1EFFECA02AE13E73006EBD97 /* KakaoSDKTalk */ = {
			isa = XCSwiftPackageProductDependency;
			package = 1EFFEC712AE13E58006EBD97 /* XCRemoteSwiftPackageReference "kakao-ios-sdk" */;
			productName = KakaoSDKTalk;
		};
		1EFFECA22AE13E73006EBD97 /* KakaoSDKTemplate */ = {
			isa = XCSwiftPackageProductDependency;
			package = 1EFFEC712AE13E58006EBD97 /* XCRemoteSwiftPackageReference "kakao-ios-sdk" */;
			productName = KakaoSDKTemplate;
		};
		1EFFECA42AE13E73006EBD97 /* KakaoSDKUser */ = {
			isa = XCSwiftPackageProductDependency;
			package = 1EFFEC712AE13E58006EBD97 /* XCRemoteSwiftPackageReference "kakao-ios-sdk" */;
			productName = KakaoSDKUser;
		};
		1EFFECAC2AE145B9006EBD97 /* SnapKit */ = {
			isa = XCSwiftPackageProductDependency;
			package = 1EFFECAB2AE145B9006EBD97 /* XCRemoteSwiftPackageReference "SnapKit" */;
			productName = SnapKit;
		};
		1EFFECAE2AE145B9006EBD97 /* SnapKit-Dynamic */ = {
			isa = XCSwiftPackageProductDependency;
			package = 1EFFECAB2AE145B9006EBD97 /* XCRemoteSwiftPackageReference "SnapKit" */;
			productName = "SnapKit-Dynamic";
		};
		1EFFECB32AE21125006EBD97 /* TossPayments */ = {
			isa = XCSwiftPackageProductDependency;
			package = 1EFFECB22AE21125006EBD97 /* XCRemoteSwiftPackageReference "payment-sdk-ios" */;
			productName = TossPayments;
		};
/* End XCSwiftPackageProductDependency section */
	};
	rootObject = 1ECD9DD82ADD34E5008DC85F /* Project object */;
}
