// !$*UTF8*$!
{
	archiveVersion = 1;
	classes = {
	};
	objectVersion = 56;
	objects = {

/* Begin PBXBuildFile section */
		1E038F622AE7C29B00A54631 /* CustomTabBarController.swift in Sources */ = {isa = PBXBuildFile; fileRef = 1E038F612AE7C29B00A54631 /* CustomTabBarController.swift */; };
		1E3DAAEB2AE8BBB6003AB6EC /* Products_ViewController.swift in Sources */ = {isa = PBXBuildFile; fileRef = 1E3DAAEA2AE8BBB6003AB6EC /* Products_ViewController.swift */; };
		1E3DAAF02AE8DF6E003AB6EC /* MyDog_CollectionViewCell.swift in Sources */ = {isa = PBXBuildFile; fileRef = 1E3DAAEF2AE8DF6E003AB6EC /* MyDog_CollectionViewCell.swift */; };
		1E4C7DF62AEA593A0077B1F6 /* dogModel.swift in Sources */ = {isa = PBXBuildFile; fileRef = 1E4C7DF52AEA593A0077B1F6 /* dogModel.swift */; };
		1E4C7DF82AEA59550077B1F6 /* dogJSONModel.swift in Sources */ = {isa = PBXBuildFile; fileRef = 1E4C7DF72AEA59550077B1F6 /* dogJSONModel.swift */; };
		1E4C7DFA2AEA596B0077B1F6 /* dogVM.swift in Sources */ = {isa = PBXBuildFile; fileRef = 1E4C7DF92AEA596B0077B1F6 /* dogVM.swift */; };
		1E6020162AE672F90082F67C /* Alamofire in Frameworks */ = {isa = PBXBuildFile; productRef = 1E49BD642AE655A100E16AF1 /* Alamofire */; };
		1E60201C2AE74F6F0082F67C /* KakaoSignInModel.swift in Sources */ = {isa = PBXBuildFile; fileRef = 1E60201B2AE74F6F0082F67C /* KakaoSignInModel.swift */; };
		1E60201E2AE767510082F67C /* FindPassword_ViewController.swift in Sources */ = {isa = PBXBuildFile; fileRef = 1E60201D2AE767510082F67C /* FindPassword_ViewController.swift */; };
		1E6020202AE76B000082F67C /* Service.swift in Sources */ = {isa = PBXBuildFile; fileRef = 1E60201F2AE76B000082F67C /* Service.swift */; };
		1E6020222AE78D800082F67C /* FindID_ViewController.swift in Sources */ = {isa = PBXBuildFile; fileRef = 1E6020212AE78D800082F67C /* FindID_ViewController.swift */; };
		1E6020232AE78FD00082F67C /* LogIn.storyboard in Resources */ = {isa = PBXBuildFile; fileRef = 1E75DD132ADD3F290053B4EF /* LogIn.storyboard */; };
		1E67ACB82AEFC8DC002A299F /* MyPages_Detail_ViewController.swift in Sources */ = {isa = PBXBuildFile; fileRef = 1E67ACB72AEFC8DB002A299F /* MyPages_Detail_ViewController.swift */; };
		1E75DD0C2ADD3A2C0053B4EF /* Home.storyboard in Resources */ = {isa = PBXBuildFile; fileRef = 1E75DD0B2ADD3A2C0053B4EF /* Home.storyboard */; };
		1E75DD102ADD3F140053B4EF /* Products.storyboard in Resources */ = {isa = PBXBuildFile; fileRef = 1E75DD0F2ADD3F140053B4EF /* Products.storyboard */; };
		1E75DD122ADD3F1E0053B4EF /* MyPage.storyboard in Resources */ = {isa = PBXBuildFile; fileRef = 1E75DD112ADD3F1E0053B4EF /* MyPage.storyboard */; };
		1E787CB72AEFD06E009975CC /* FirebaseAnalytics in Frameworks */ = {isa = PBXBuildFile; productRef = 1E787CB62AEFD06E009975CC /* FirebaseAnalytics */; };
		1E787CB92AEFD06E009975CC /* FirebaseAnalyticsOnDeviceConversion in Frameworks */ = {isa = PBXBuildFile; productRef = 1E787CB82AEFD06E009975CC /* FirebaseAnalyticsOnDeviceConversion */; };
		1E787CBB2AEFD06E009975CC /* FirebaseAnalyticsSwift in Frameworks */ = {isa = PBXBuildFile; productRef = 1E787CBA2AEFD06E009975CC /* FirebaseAnalyticsSwift */; };
		1E787CBD2AEFD06E009975CC /* FirebaseAnalyticsWithoutAdIdSupport in Frameworks */ = {isa = PBXBuildFile; productRef = 1E787CBC2AEFD06E009975CC /* FirebaseAnalyticsWithoutAdIdSupport */; };
		1E787CBF2AEFD06E009975CC /* FirebaseAppCheck in Frameworks */ = {isa = PBXBuildFile; productRef = 1E787CBE2AEFD06E009975CC /* FirebaseAppCheck */; };
		1E787CC12AEFD06E009975CC /* FirebaseAppDistribution-Beta in Frameworks */ = {isa = PBXBuildFile; productRef = 1E787CC02AEFD06E009975CC /* FirebaseAppDistribution-Beta */; };
		1E787CC32AEFD06E009975CC /* FirebaseAuth in Frameworks */ = {isa = PBXBuildFile; productRef = 1E787CC22AEFD06E009975CC /* FirebaseAuth */; };
		1E787CC52AEFD06E009975CC /* FirebaseAuthCombine-Community in Frameworks */ = {isa = PBXBuildFile; productRef = 1E787CC42AEFD06E009975CC /* FirebaseAuthCombine-Community */; };
		1E787CC72AEFD06E009975CC /* FirebaseCrashlytics in Frameworks */ = {isa = PBXBuildFile; productRef = 1E787CC62AEFD06E009975CC /* FirebaseCrashlytics */; };
		1E787CC92AEFD06E009975CC /* FirebaseDatabase in Frameworks */ = {isa = PBXBuildFile; productRef = 1E787CC82AEFD06E009975CC /* FirebaseDatabase */; };
		1E787CCB2AEFD06E009975CC /* FirebaseDatabaseSwift in Frameworks */ = {isa = PBXBuildFile; productRef = 1E787CCA2AEFD06E009975CC /* FirebaseDatabaseSwift */; };
		1E787CCD2AEFD06E009975CC /* FirebaseDynamicLinks in Frameworks */ = {isa = PBXBuildFile; productRef = 1E787CCC2AEFD06E009975CC /* FirebaseDynamicLinks */; };
		1E787CCF2AEFD06E009975CC /* FirebaseFirestore in Frameworks */ = {isa = PBXBuildFile; productRef = 1E787CCE2AEFD06E009975CC /* FirebaseFirestore */; };
		1E787CD12AEFD06E009975CC /* FirebaseFirestoreCombine-Community in Frameworks */ = {isa = PBXBuildFile; productRef = 1E787CD02AEFD06E009975CC /* FirebaseFirestoreCombine-Community */; };
		1E787CD32AEFD06E009975CC /* FirebaseFirestoreSwift in Frameworks */ = {isa = PBXBuildFile; productRef = 1E787CD22AEFD06E009975CC /* FirebaseFirestoreSwift */; };
		1E787CD52AEFD06E009975CC /* FirebaseFunctions in Frameworks */ = {isa = PBXBuildFile; productRef = 1E787CD42AEFD06E009975CC /* FirebaseFunctions */; };
		1E787CD72AEFD06E009975CC /* FirebaseFunctionsCombine-Community in Frameworks */ = {isa = PBXBuildFile; productRef = 1E787CD62AEFD06E009975CC /* FirebaseFunctionsCombine-Community */; };
		1E787CD92AEFD06E009975CC /* FirebaseInAppMessaging-Beta in Frameworks */ = {isa = PBXBuildFile; productRef = 1E787CD82AEFD06E009975CC /* FirebaseInAppMessaging-Beta */; };
		1E787CDB2AEFD06E009975CC /* FirebaseInAppMessagingSwift-Beta in Frameworks */ = {isa = PBXBuildFile; productRef = 1E787CDA2AEFD06E009975CC /* FirebaseInAppMessagingSwift-Beta */; };
		1E787CDD2AEFD06E009975CC /* FirebaseInstallations in Frameworks */ = {isa = PBXBuildFile; productRef = 1E787CDC2AEFD06E009975CC /* FirebaseInstallations */; };
		1E787CDF2AEFD06E009975CC /* FirebaseMLModelDownloader in Frameworks */ = {isa = PBXBuildFile; productRef = 1E787CDE2AEFD06E009975CC /* FirebaseMLModelDownloader */; };
		1E787CE12AEFD06E009975CC /* FirebaseMessaging in Frameworks */ = {isa = PBXBuildFile; productRef = 1E787CE02AEFD06E009975CC /* FirebaseMessaging */; };
		1E787CE32AEFD06E009975CC /* FirebasePerformance in Frameworks */ = {isa = PBXBuildFile; productRef = 1E787CE22AEFD06E009975CC /* FirebasePerformance */; };
		1E787CE52AEFD06E009975CC /* FirebaseRemoteConfig in Frameworks */ = {isa = PBXBuildFile; productRef = 1E787CE42AEFD06E009975CC /* FirebaseRemoteConfig */; };
		1E787CE72AEFD06E009975CC /* FirebaseRemoteConfigSwift in Frameworks */ = {isa = PBXBuildFile; productRef = 1E787CE62AEFD06E009975CC /* FirebaseRemoteConfigSwift */; };
		1E787CE92AEFD06E009975CC /* FirebaseStorage in Frameworks */ = {isa = PBXBuildFile; productRef = 1E787CE82AEFD06E009975CC /* FirebaseStorage */; };
		1E787CEB2AEFD06E009975CC /* FirebaseStorageCombine-Community in Frameworks */ = {isa = PBXBuildFile; productRef = 1E787CEA2AEFD06E009975CC /* FirebaseStorageCombine-Community */; };
		1E787CED2AEFD0A6009975CC /* FirebaseStorageManager.swift in Sources */ = {isa = PBXBuildFile; fileRef = 1E787CEC2AEFD0A6009975CC /* FirebaseStorageManager.swift */; };
		1E787CEF2AEFD978009975CC /* FirebaseDogDBModel.swift in Sources */ = {isa = PBXBuildFile; fileRef = 1E787CEE2AEFD978009975CC /* FirebaseDogDBModel.swift */; };
		1E787CF12AEFDA2A009975CC /* FirebaseDogVM.swift in Sources */ = {isa = PBXBuildFile; fileRef = 1E787CF02AEFDA2A009975CC /* FirebaseDogVM.swift */; };
		1E787CF32AEFE091009975CC /* CollectionViewController.swift in Sources */ = {isa = PBXBuildFile; fileRef = 1E787CF22AEFE091009975CC /* CollectionViewController.swift */; };
		1E787CF52AF00E4D009975CC /* UpdateDog_UViewController.swift in Sources */ = {isa = PBXBuildFile; fileRef = 1E787CF42AF00E4D009975CC /* UpdateDog_UViewController.swift */; };
		1E787CF72AF0158F009975CC /* FirebaseDogUpdateVM.swift in Sources */ = {isa = PBXBuildFile; fileRef = 1E787CF62AF0158F009975CC /* FirebaseDogUpdateVM.swift */; };
		1E79F2D32AE625A50016B226 /* SingIn.swift in Sources */ = {isa = PBXBuildFile; fileRef = 1E79F2D22AE625A50016B226 /* SingIn.swift */; };
		1ECD9DE82ADD34E5008DC85F /* HomeViewController.swift in Sources */ = {isa = PBXBuildFile; fileRef = 1ECD9DE72ADD34E5008DC85F /* HomeViewController.swift */; };
		1ECD9DEB2ADD34E5008DC85F /* Main.storyboard in Resources */ = {isa = PBXBuildFile; fileRef = 1ECD9DE92ADD34E5008DC85F /* Main.storyboard */; };
		1ECD9DED2ADD34E6008DC85F /* Assets.xcassets in Resources */ = {isa = PBXBuildFile; fileRef = 1ECD9DEC2ADD34E6008DC85F /* Assets.xcassets */; };
		1ECD9DF02ADD34E6008DC85F /* LaunchScreen.storyboard in Resources */ = {isa = PBXBuildFile; fileRef = 1ECD9DEE2ADD34E6008DC85F /* LaunchScreen.storyboard */; };
		1EFFEC732AE13E58006EBD97 /* KakaoSDK in Frameworks */ = {isa = PBXBuildFile; productRef = 1EFFEC722AE13E58006EBD97 /* KakaoSDK */; };
		1EFFEC752AE13E58006EBD97 /* KakaoSDKAuth in Frameworks */ = {isa = PBXBuildFile; productRef = 1EFFEC742AE13E58006EBD97 /* KakaoSDKAuth */; };
		1EFFEC772AE13E58006EBD97 /* KakaoSDKCert in Frameworks */ = {isa = PBXBuildFile; productRef = 1EFFEC762AE13E58006EBD97 /* KakaoSDKCert */; };
		1EFFEC792AE13E58006EBD97 /* KakaoSDKCertCore in Frameworks */ = {isa = PBXBuildFile; productRef = 1EFFEC782AE13E58006EBD97 /* KakaoSDKCertCore */; };
		1EFFEC7B2AE13E58006EBD97 /* KakaoSDKCommon in Frameworks */ = {isa = PBXBuildFile; productRef = 1EFFEC7A2AE13E58006EBD97 /* KakaoSDKCommon */; };
		1EFFEC7D2AE13E58006EBD97 /* KakaoSDKFriend in Frameworks */ = {isa = PBXBuildFile; productRef = 1EFFEC7C2AE13E58006EBD97 /* KakaoSDKFriend */; };
		1EFFEC7F2AE13E58006EBD97 /* KakaoSDKFriendCore in Frameworks */ = {isa = PBXBuildFile; productRef = 1EFFEC7E2AE13E58006EBD97 /* KakaoSDKFriendCore */; };
		1EFFEC812AE13E58006EBD97 /* KakaoSDKNavi in Frameworks */ = {isa = PBXBuildFile; productRef = 1EFFEC802AE13E58006EBD97 /* KakaoSDKNavi */; };
		1EFFEC832AE13E58006EBD97 /* KakaoSDKShare in Frameworks */ = {isa = PBXBuildFile; productRef = 1EFFEC822AE13E58006EBD97 /* KakaoSDKShare */; };
		1EFFEC852AE13E58006EBD97 /* KakaoSDKStory in Frameworks */ = {isa = PBXBuildFile; productRef = 1EFFEC842AE13E58006EBD97 /* KakaoSDKStory */; };
		1EFFEC872AE13E58006EBD97 /* KakaoSDKTalk in Frameworks */ = {isa = PBXBuildFile; productRef = 1EFFEC862AE13E58006EBD97 /* KakaoSDKTalk */; };
		1EFFEC892AE13E58006EBD97 /* KakaoSDKTemplate in Frameworks */ = {isa = PBXBuildFile; productRef = 1EFFEC882AE13E58006EBD97 /* KakaoSDKTemplate */; };
		1EFFEC8B2AE13E58006EBD97 /* KakaoSDKUser in Frameworks */ = {isa = PBXBuildFile; productRef = 1EFFEC8A2AE13E58006EBD97 /* KakaoSDKUser */; };
		1EFFEC8D2AE13E73006EBD97 /* KakaoSDK in Frameworks */ = {isa = PBXBuildFile; productRef = 1EFFEC8C2AE13E73006EBD97 /* KakaoSDK */; };
		1EFFEC8F2AE13E73006EBD97 /* KakaoSDKAuth in Frameworks */ = {isa = PBXBuildFile; productRef = 1EFFEC8E2AE13E73006EBD97 /* KakaoSDKAuth */; };
		1EFFEC912AE13E73006EBD97 /* KakaoSDKCert in Frameworks */ = {isa = PBXBuildFile; productRef = 1EFFEC902AE13E73006EBD97 /* KakaoSDKCert */; };
		1EFFEC932AE13E73006EBD97 /* KakaoSDKCertCore in Frameworks */ = {isa = PBXBuildFile; productRef = 1EFFEC922AE13E73006EBD97 /* KakaoSDKCertCore */; };
		1EFFEC952AE13E73006EBD97 /* KakaoSDKCommon in Frameworks */ = {isa = PBXBuildFile; productRef = 1EFFEC942AE13E73006EBD97 /* KakaoSDKCommon */; };
		1EFFEC972AE13E73006EBD97 /* KakaoSDKFriend in Frameworks */ = {isa = PBXBuildFile; productRef = 1EFFEC962AE13E73006EBD97 /* KakaoSDKFriend */; };
		1EFFEC992AE13E73006EBD97 /* KakaoSDKFriendCore in Frameworks */ = {isa = PBXBuildFile; productRef = 1EFFEC982AE13E73006EBD97 /* KakaoSDKFriendCore */; };
		1EFFEC9B2AE13E73006EBD97 /* KakaoSDKNavi in Frameworks */ = {isa = PBXBuildFile; productRef = 1EFFEC9A2AE13E73006EBD97 /* KakaoSDKNavi */; };
		1EFFEC9D2AE13E73006EBD97 /* KakaoSDKShare in Frameworks */ = {isa = PBXBuildFile; productRef = 1EFFEC9C2AE13E73006EBD97 /* KakaoSDKShare */; };
		1EFFEC9F2AE13E73006EBD97 /* KakaoSDKStory in Frameworks */ = {isa = PBXBuildFile; productRef = 1EFFEC9E2AE13E73006EBD97 /* KakaoSDKStory */; };
		1EFFECA12AE13E73006EBD97 /* KakaoSDKTalk in Frameworks */ = {isa = PBXBuildFile; productRef = 1EFFECA02AE13E73006EBD97 /* KakaoSDKTalk */; };
		1EFFECA32AE13E73006EBD97 /* KakaoSDKTemplate in Frameworks */ = {isa = PBXBuildFile; productRef = 1EFFECA22AE13E73006EBD97 /* KakaoSDKTemplate */; };
		1EFFECA52AE13E73006EBD97 /* KakaoSDKUser in Frameworks */ = {isa = PBXBuildFile; productRef = 1EFFECA42AE13E73006EBD97 /* KakaoSDKUser */; };
		1EFFECA82AE14441006EBD97 /* KakaoAuthVM.swift in Sources */ = {isa = PBXBuildFile; fileRef = 1EFFECA72AE14441006EBD97 /* KakaoAuthVM.swift */; };
		1EFFECAA2AE1455C006EBD97 /* LogIn_ViewController.swift in Sources */ = {isa = PBXBuildFile; fileRef = 1EFFECA92AE1455C006EBD97 /* LogIn_ViewController.swift */; };
		1EFFECAD2AE145B9006EBD97 /* SnapKit in Frameworks */ = {isa = PBXBuildFile; productRef = 1EFFECAC2AE145B9006EBD97 /* SnapKit */; };
		1EFFECAF2AE145B9006EBD97 /* SnapKit-Dynamic in Frameworks */ = {isa = PBXBuildFile; productRef = 1EFFECAE2AE145B9006EBD97 /* SnapKit-Dynamic */; };
		1EFFECB12AE1503A006EBD97 /* MyPage_ViewController.swift in Sources */ = {isa = PBXBuildFile; fileRef = 1EFFECB02AE1503A006EBD97 /* MyPage_ViewController.swift */; };
		1EFFECB42AE21125006EBD97 /* TossPayments in Frameworks */ = {isa = PBXBuildFile; productRef = 1EFFECB32AE21125006EBD97 /* TossPayments */; };
		1EFFED992AE22DBE006EBD97 /* LogIn_with_Email_ViewController.swift in Sources */ = {isa = PBXBuildFile; fileRef = 1EFFED982AE22DBE006EBD97 /* LogIn_with_Email_ViewController.swift */; };
		1EFFEDE82AE25A9A006EBD97 /* SignIn_ViewController.swift in Sources */ = {isa = PBXBuildFile; fileRef = 1EFFEDE72AE25A9A006EBD97 /* SignIn_ViewController.swift */; };
		1EFFEDEA2AE25BC8006EBD97 /* FirebaseSignInModel.swift in Sources */ = {isa = PBXBuildFile; fileRef = 1EFFEDE92AE25BC8006EBD97 /* FirebaseSignInModel.swift */; };
		B875A2097E15AFF1912611FA /* Pods_Last_Project.framework in Frameworks */ = {isa = PBXBuildFile; fileRef = 609BA085BC5C98558F25ADEA /* Pods_Last_Project.framework */; };
		E003AE182AEA0F7600F9FC95 /* MainPageReservationListCollectionViewCell.swift in Sources */ = {isa = PBXBuildFile; fileRef = E003AE172AEA0F7600F9FC95 /* MainPageReservationListCollectionViewCell.swift */; };
		E003AE1C2AEA109400F9FC95 /* FirebaseMainPageReservationListModel.swift in Sources */ = {isa = PBXBuildFile; fileRef = E003AE1B2AEA109400F9FC95 /* FirebaseMainPageReservationListModel.swift */; };
		E003AE1E2AEA111000F9FC95 /* FirebaseMainPageReservationListMessage.swift in Sources */ = {isa = PBXBuildFile; fileRef = E003AE1D2AEA111000F9FC95 /* FirebaseMainPageReservationListMessage.swift */; };
		E003AE202AEA12A100F9FC95 /* FirebaseMainPageReservationList.swift in Sources */ = {isa = PBXBuildFile; fileRef = E003AE1F2AEA12A100F9FC95 /* FirebaseMainPageReservationList.swift */; };
		E00CC0D22AE972F800F52A4F /* MainPageReservationViewViewController.swift in Sources */ = {isa = PBXBuildFile; fileRef = E00CC0D12AE972F800F52A4F /* MainPageReservationViewViewController.swift */; };
		E00CC0D42AE9737500F52A4F /* MainPageReservationCollectionViewCell.swift in Sources */ = {isa = PBXBuildFile; fileRef = E00CC0D32AE9737500F52A4F /* MainPageReservationCollectionViewCell.swift */; };
		E04D21972AE242610049D6A3 /* GoogleService-Info.plist in Resources */ = {isa = PBXBuildFile; fileRef = E04D21962AE242610049D6A3 /* GoogleService-Info.plist */; };
		E04D219A2AE243940049D6A3 /* FirebaseAnalytics in Frameworks */ = {isa = PBXBuildFile; productRef = E04D21992AE243940049D6A3 /* FirebaseAnalytics */; };
		E04D219C2AE243940049D6A3 /* FirebaseAuth in Frameworks */ = {isa = PBXBuildFile; productRef = E04D219B2AE243940049D6A3 /* FirebaseAuth */; };
		E04D219E2AE243940049D6A3 /* FirebaseAuthCombine-Community in Frameworks */ = {isa = PBXBuildFile; productRef = E04D219D2AE243940049D6A3 /* FirebaseAuthCombine-Community */; };
		E04D21A02AE243940049D6A3 /* FirebaseDatabase in Frameworks */ = {isa = PBXBuildFile; productRef = E04D219F2AE243940049D6A3 /* FirebaseDatabase */; };
		E04D21A22AE243940049D6A3 /* FirebaseFirestore in Frameworks */ = {isa = PBXBuildFile; productRef = E04D21A12AE243940049D6A3 /* FirebaseFirestore */; };
		E061CC9A2AF0AD1B00C89A93 /* FirebaseListDelete.swift in Sources */ = {isa = PBXBuildFile; fileRef = E061CC992AF0AD1B00C89A93 /* FirebaseListDelete.swift */; };
		E073F70C2AE5A4CD0064BB3F /* FirebaseMainPageModel.swift in Sources */ = {isa = PBXBuildFile; fileRef = E073F70B2AE5A4CD0064BB3F /* FirebaseMainPageModel.swift */; };
		E073F70E2AE5A6710064BB3F /* FirebaseMainPageMessage.swift in Sources */ = {isa = PBXBuildFile; fileRef = E073F70D2AE5A6710064BB3F /* FirebaseMainPageMessage.swift */; };
		E073F7102AE5A6D80064BB3F /* FirebaseMainPageImage.swift in Sources */ = {isa = PBXBuildFile; fileRef = E073F70F2AE5A6D80064BB3F /* FirebaseMainPageImage.swift */; };
		E0BE101A2AE63CA7003192D9 /* MainPageBtnCollectionViewCell.swift in Sources */ = {isa = PBXBuildFile; fileRef = E0BE10192AE63CA7003192D9 /* MainPageBtnCollectionViewCell.swift */; };
		E0BE101C2AE63FC9003192D9 /* FirebaseMainPageBtnModel.swift in Sources */ = {isa = PBXBuildFile; fileRef = E0BE101B2AE63FC9003192D9 /* FirebaseMainPageBtnModel.swift */; };
		E0BE101E2AE64164003192D9 /* FirebaseMainPageBtnMessage.swift in Sources */ = {isa = PBXBuildFile; fileRef = E0BE101D2AE64164003192D9 /* FirebaseMainPageBtnMessage.swift */; };
		E0BE10202AE64185003192D9 /* FirebaseMainPageBtn.swift in Sources */ = {isa = PBXBuildFile; fileRef = E0BE101F2AE64185003192D9 /* FirebaseMainPageBtn.swift */; };
		E0D243612AEEE6660032B067 /* MainPageReservationViewView2ViewController.swift in Sources */ = {isa = PBXBuildFile; fileRef = E0D243602AEEE6660032B067 /* MainPageReservationViewView2ViewController.swift */; };
		E0DAA6712AF02378008194A1 /* AppDelegate.swift in Sources */ = {isa = PBXBuildFile; fileRef = E0DAA6702AF02378008194A1 /* AppDelegate.swift */; };
		E0DAA6732AF02382008194A1 /* SceneDelegate.swift in Sources */ = {isa = PBXBuildFile; fileRef = E0DAA6722AF02382008194A1 /* SceneDelegate.swift */; };
		E0DAA6752AF037CC008194A1 /* FirebaseMainPageReservationListListModel.swift in Sources */ = {isa = PBXBuildFile; fileRef = E0DAA6742AF037CC008194A1 /* FirebaseMainPageReservationListListModel.swift */; };
		E0DAA6772AF03BDD008194A1 /* FirebaseMainPageReservationListListMessage.swift in Sources */ = {isa = PBXBuildFile; fileRef = E0DAA6762AF03BDD008194A1 /* FirebaseMainPageReservationListListMessage.swift */; };
		E0DAA6792AF03CAE008194A1 /* FirebaseMainPageReservationListList.swift in Sources */ = {isa = PBXBuildFile; fileRef = E0DAA6782AF03CAE008194A1 /* FirebaseMainPageReservationListList.swift */; };
		E0DAA67B2AF03FAB008194A1 /* MainPageListListTableTableViewController.swift in Sources */ = {isa = PBXBuildFile; fileRef = E0DAA67A2AF03FAB008194A1 /* MainPageListListTableTableViewController.swift */; };
		E0DAA67D2AF041EA008194A1 /* MainPageListListTableViewCell.swift in Sources */ = {isa = PBXBuildFile; fileRef = E0DAA67C2AF041EA008194A1 /* MainPageListListTableViewCell.swift */; };
		E0DD7AB42AED83620022927C /* FirebaseMainPageUserModel.swift in Sources */ = {isa = PBXBuildFile; fileRef = E0DD7AB32AED83620022927C /* FirebaseMainPageUserModel.swift */; };
		E0DD7AB62AED83C80022927C /* FirebaseMainPageUserMessage.swift in Sources */ = {isa = PBXBuildFile; fileRef = E0DD7AB52AED83C80022927C /* FirebaseMainPageUserMessage.swift */; };
		E0DD7AB82AED842E0022927C /* FirebaseMainPageUser.swift in Sources */ = {isa = PBXBuildFile; fileRef = E0DD7AB72AED842E0022927C /* FirebaseMainPageUser.swift */; };
/* End PBXBuildFile section */

/* Begin PBXFileReference section */
		1E038F612AE7C29B00A54631 /* CustomTabBarController.swift */ = {isa = PBXFileReference; fileEncoding = 4; lastKnownFileType = sourcecode.swift; path = CustomTabBarController.swift; sourceTree = "<group>"; };
		1E3DAAEA2AE8BBB6003AB6EC /* Products_ViewController.swift */ = {isa = PBXFileReference; lastKnownFileType = sourcecode.swift; path = Products_ViewController.swift; sourceTree = "<group>"; };
		1E3DAAEF2AE8DF6E003AB6EC /* MyDog_CollectionViewCell.swift */ = {isa = PBXFileReference; lastKnownFileType = sourcecode.swift; path = MyDog_CollectionViewCell.swift; sourceTree = "<group>"; };
		1E4C7DF52AEA593A0077B1F6 /* dogModel.swift */ = {isa = PBXFileReference; lastKnownFileType = sourcecode.swift; path = dogModel.swift; sourceTree = "<group>"; };
		1E4C7DF72AEA59550077B1F6 /* dogJSONModel.swift */ = {isa = PBXFileReference; lastKnownFileType = sourcecode.swift; path = dogJSONModel.swift; sourceTree = "<group>"; };
		1E4C7DF92AEA596B0077B1F6 /* dogVM.swift */ = {isa = PBXFileReference; lastKnownFileType = sourcecode.swift; path = dogVM.swift; sourceTree = "<group>"; };
		1E6020142AE65E890082F67C /* KakaoUserResponse.swift */ = {isa = PBXFileReference; lastKnownFileType = sourcecode.swift; path = KakaoUserResponse.swift; sourceTree = "<group>"; };
		1E60201B2AE74F6F0082F67C /* KakaoSignInModel.swift */ = {isa = PBXFileReference; lastKnownFileType = sourcecode.swift; path = KakaoSignInModel.swift; sourceTree = "<group>"; };
		1E60201D2AE767510082F67C /* FindPassword_ViewController.swift */ = {isa = PBXFileReference; lastKnownFileType = sourcecode.swift; path = FindPassword_ViewController.swift; sourceTree = "<group>"; };
		1E60201F2AE76B000082F67C /* Service.swift */ = {isa = PBXFileReference; lastKnownFileType = sourcecode.swift; path = Service.swift; sourceTree = "<group>"; };
		1E6020212AE78D800082F67C /* FindID_ViewController.swift */ = {isa = PBXFileReference; lastKnownFileType = sourcecode.swift; path = FindID_ViewController.swift; sourceTree = "<group>"; };
		1E67ACB72AEFC8DB002A299F /* MyPages_Detail_ViewController.swift */ = {isa = PBXFileReference; lastKnownFileType = sourcecode.swift; path = MyPages_Detail_ViewController.swift; sourceTree = "<group>"; };
		1E75DD0B2ADD3A2C0053B4EF /* Home.storyboard */ = {isa = PBXFileReference; lastKnownFileType = file.storyboard; path = Home.storyboard; sourceTree = "<group>"; };
		1E75DD0F2ADD3F140053B4EF /* Products.storyboard */ = {isa = PBXFileReference; lastKnownFileType = file.storyboard; path = Products.storyboard; sourceTree = "<group>"; };
		1E75DD112ADD3F1E0053B4EF /* MyPage.storyboard */ = {isa = PBXFileReference; lastKnownFileType = file.storyboard; path = MyPage.storyboard; sourceTree = "<group>"; };
		1E75DD132ADD3F290053B4EF /* LogIn.storyboard */ = {isa = PBXFileReference; lastKnownFileType = file.storyboard; path = LogIn.storyboard; sourceTree = "<group>"; };
		1E787CEC2AEFD0A6009975CC /* FirebaseStorageManager.swift */ = {isa = PBXFileReference; lastKnownFileType = sourcecode.swift; path = FirebaseStorageManager.swift; sourceTree = "<group>"; };
		1E787CEE2AEFD978009975CC /* FirebaseDogDBModel.swift */ = {isa = PBXFileReference; lastKnownFileType = sourcecode.swift; path = FirebaseDogDBModel.swift; sourceTree = "<group>"; };
		1E787CF02AEFDA2A009975CC /* FirebaseDogVM.swift */ = {isa = PBXFileReference; lastKnownFileType = sourcecode.swift; path = FirebaseDogVM.swift; sourceTree = "<group>"; };
		1E787CF22AEFE091009975CC /* CollectionViewController.swift */ = {isa = PBXFileReference; lastKnownFileType = sourcecode.swift; path = CollectionViewController.swift; sourceTree = "<group>"; };
		1E787CF42AF00E4D009975CC /* UpdateDog_UViewController.swift */ = {isa = PBXFileReference; lastKnownFileType = sourcecode.swift; path = UpdateDog_UViewController.swift; sourceTree = "<group>"; };
		1E787CF62AF0158F009975CC /* FirebaseDogUpdateVM.swift */ = {isa = PBXFileReference; lastKnownFileType = sourcecode.swift; path = FirebaseDogUpdateVM.swift; sourceTree = "<group>"; };
		1E79F2D22AE625A50016B226 /* SingIn.swift */ = {isa = PBXFileReference; lastKnownFileType = sourcecode.swift; path = SingIn.swift; sourceTree = "<group>"; };
		1ECD9DE02ADD34E5008DC85F /* Last Project.app */ = {isa = PBXFileReference; explicitFileType = wrapper.application; includeInIndex = 0; path = "Last Project.app"; sourceTree = BUILT_PRODUCTS_DIR; };
		1ECD9DE72ADD34E5008DC85F /* HomeViewController.swift */ = {isa = PBXFileReference; lastKnownFileType = sourcecode.swift; path = HomeViewController.swift; sourceTree = "<group>"; };
		1ECD9DEA2ADD34E5008DC85F /* Base */ = {isa = PBXFileReference; lastKnownFileType = file.storyboard; name = Base; path = Base.lproj/Main.storyboard; sourceTree = "<group>"; };
		1ECD9DEC2ADD34E6008DC85F /* Assets.xcassets */ = {isa = PBXFileReference; lastKnownFileType = folder.assetcatalog; path = Assets.xcassets; sourceTree = "<group>"; };
		1ECD9DEF2ADD34E6008DC85F /* Base */ = {isa = PBXFileReference; lastKnownFileType = file.storyboard; name = Base; path = Base.lproj/LaunchScreen.storyboard; sourceTree = "<group>"; };
		1ECD9DF12ADD34E6008DC85F /* Info.plist */ = {isa = PBXFileReference; lastKnownFileType = text.plist.xml; path = Info.plist; sourceTree = "<group>"; };
		1EFFECA72AE14441006EBD97 /* KakaoAuthVM.swift */ = {isa = PBXFileReference; lastKnownFileType = sourcecode.swift; path = KakaoAuthVM.swift; sourceTree = "<group>"; };
		1EFFECA92AE1455C006EBD97 /* LogIn_ViewController.swift */ = {isa = PBXFileReference; lastKnownFileType = sourcecode.swift; path = LogIn_ViewController.swift; sourceTree = "<group>"; };
		1EFFECB02AE1503A006EBD97 /* MyPage_ViewController.swift */ = {isa = PBXFileReference; lastKnownFileType = sourcecode.swift; path = MyPage_ViewController.swift; sourceTree = "<group>"; };
		1EFFED982AE22DBE006EBD97 /* LogIn_with_Email_ViewController.swift */ = {isa = PBXFileReference; lastKnownFileType = sourcecode.swift; path = LogIn_with_Email_ViewController.swift; sourceTree = "<group>"; };
		1EFFEDE72AE25A9A006EBD97 /* SignIn_ViewController.swift */ = {isa = PBXFileReference; lastKnownFileType = sourcecode.swift; path = SignIn_ViewController.swift; sourceTree = "<group>"; };
		1EFFEDE92AE25BC8006EBD97 /* FirebaseSignInModel.swift */ = {isa = PBXFileReference; fileEncoding = 4; lastKnownFileType = sourcecode.swift; path = FirebaseSignInModel.swift; sourceTree = "<group>"; };
		509E4C54CA45149765D75D9A /* Pods-Last Project.release.xcconfig */ = {isa = PBXFileReference; includeInIndex = 1; lastKnownFileType = text.xcconfig; name = "Pods-Last Project.release.xcconfig"; path = "Target Support Files/Pods-Last Project/Pods-Last Project.release.xcconfig"; sourceTree = "<group>"; };
		609BA085BC5C98558F25ADEA /* Pods_Last_Project.framework */ = {isa = PBXFileReference; explicitFileType = wrapper.framework; includeInIndex = 0; path = Pods_Last_Project.framework; sourceTree = BUILT_PRODUCTS_DIR; };
		71CD57A96B5913FF7F2568A8 /* Pods-Last Project.debug.xcconfig */ = {isa = PBXFileReference; includeInIndex = 1; lastKnownFileType = text.xcconfig; name = "Pods-Last Project.debug.xcconfig"; path = "Target Support Files/Pods-Last Project/Pods-Last Project.debug.xcconfig"; sourceTree = "<group>"; };
		E003AE172AEA0F7600F9FC95 /* MainPageReservationListCollectionViewCell.swift */ = {isa = PBXFileReference; lastKnownFileType = sourcecode.swift; path = MainPageReservationListCollectionViewCell.swift; sourceTree = "<group>"; };
		E003AE1B2AEA109400F9FC95 /* FirebaseMainPageReservationListModel.swift */ = {isa = PBXFileReference; lastKnownFileType = sourcecode.swift; path = FirebaseMainPageReservationListModel.swift; sourceTree = "<group>"; };
		E003AE1D2AEA111000F9FC95 /* FirebaseMainPageReservationListMessage.swift */ = {isa = PBXFileReference; lastKnownFileType = sourcecode.swift; path = FirebaseMainPageReservationListMessage.swift; sourceTree = "<group>"; };
		E003AE1F2AEA12A100F9FC95 /* FirebaseMainPageReservationList.swift */ = {isa = PBXFileReference; lastKnownFileType = sourcecode.swift; path = FirebaseMainPageReservationList.swift; sourceTree = "<group>"; };
		E00CC0D12AE972F800F52A4F /* MainPageReservationViewViewController.swift */ = {isa = PBXFileReference; lastKnownFileType = sourcecode.swift; path = MainPageReservationViewViewController.swift; sourceTree = "<group>"; };
		E00CC0D32AE9737500F52A4F /* MainPageReservationCollectionViewCell.swift */ = {isa = PBXFileReference; lastKnownFileType = sourcecode.swift; path = MainPageReservationCollectionViewCell.swift; sourceTree = "<group>"; };
		E02237FF2AE6335000665505 /* Config.xcconfig */ = {isa = PBXFileReference; fileEncoding = 4; lastKnownFileType = text.xcconfig; path = Config.xcconfig; sourceTree = "<group>"; };
		E04D21962AE242610049D6A3 /* GoogleService-Info.plist */ = {isa = PBXFileReference; fileEncoding = 4; lastKnownFileType = text.plist.xml; path = "GoogleService-Info.plist"; sourceTree = "<group>"; };
		E061CC992AF0AD1B00C89A93 /* FirebaseListDelete.swift */ = {isa = PBXFileReference; lastKnownFileType = sourcecode.swift; path = FirebaseListDelete.swift; sourceTree = "<group>"; };
		E073F70B2AE5A4CD0064BB3F /* FirebaseMainPageModel.swift */ = {isa = PBXFileReference; lastKnownFileType = sourcecode.swift; path = FirebaseMainPageModel.swift; sourceTree = "<group>"; };
		E073F70D2AE5A6710064BB3F /* FirebaseMainPageMessage.swift */ = {isa = PBXFileReference; lastKnownFileType = sourcecode.swift; path = FirebaseMainPageMessage.swift; sourceTree = "<group>"; };
		E073F70F2AE5A6D80064BB3F /* FirebaseMainPageImage.swift */ = {isa = PBXFileReference; lastKnownFileType = sourcecode.swift; path = FirebaseMainPageImage.swift; sourceTree = "<group>"; };
		E0BE10192AE63CA7003192D9 /* MainPageBtnCollectionViewCell.swift */ = {isa = PBXFileReference; lastKnownFileType = sourcecode.swift; path = MainPageBtnCollectionViewCell.swift; sourceTree = "<group>"; };
		E0BE101B2AE63FC9003192D9 /* FirebaseMainPageBtnModel.swift */ = {isa = PBXFileReference; lastKnownFileType = sourcecode.swift; path = FirebaseMainPageBtnModel.swift; sourceTree = "<group>"; };
		E0BE101D2AE64164003192D9 /* FirebaseMainPageBtnMessage.swift */ = {isa = PBXFileReference; lastKnownFileType = sourcecode.swift; path = FirebaseMainPageBtnMessage.swift; sourceTree = "<group>"; };
		E0BE101F2AE64185003192D9 /* FirebaseMainPageBtn.swift */ = {isa = PBXFileReference; lastKnownFileType = sourcecode.swift; path = FirebaseMainPageBtn.swift; sourceTree = "<group>"; };
		E0D243602AEEE6660032B067 /* MainPageReservationViewView2ViewController.swift */ = {isa = PBXFileReference; lastKnownFileType = sourcecode.swift; path = MainPageReservationViewView2ViewController.swift; sourceTree = "<group>"; };
		E0DAA6702AF02378008194A1 /* AppDelegate.swift */ = {isa = PBXFileReference; fileEncoding = 4; lastKnownFileType = sourcecode.swift; name = AppDelegate.swift; path = ../../../../.Trash/AppDelegate.swift; sourceTree = "<group>"; };
		E0DAA6722AF02382008194A1 /* SceneDelegate.swift */ = {isa = PBXFileReference; fileEncoding = 4; lastKnownFileType = sourcecode.swift; name = SceneDelegate.swift; path = ../../../../.Trash/SceneDelegate.swift; sourceTree = "<group>"; };
		E0DAA6742AF037CC008194A1 /* FirebaseMainPageReservationListListModel.swift */ = {isa = PBXFileReference; lastKnownFileType = sourcecode.swift; path = FirebaseMainPageReservationListListModel.swift; sourceTree = "<group>"; };
		E0DAA6762AF03BDD008194A1 /* FirebaseMainPageReservationListListMessage.swift */ = {isa = PBXFileReference; lastKnownFileType = sourcecode.swift; path = FirebaseMainPageReservationListListMessage.swift; sourceTree = "<group>"; };
		E0DAA6782AF03CAE008194A1 /* FirebaseMainPageReservationListList.swift */ = {isa = PBXFileReference; lastKnownFileType = sourcecode.swift; path = FirebaseMainPageReservationListList.swift; sourceTree = "<group>"; };
		E0DAA67A2AF03FAB008194A1 /* MainPageListListTableTableViewController.swift */ = {isa = PBXFileReference; lastKnownFileType = sourcecode.swift; path = MainPageListListTableTableViewController.swift; sourceTree = "<group>"; };
		E0DAA67C2AF041EA008194A1 /* MainPageListListTableViewCell.swift */ = {isa = PBXFileReference; lastKnownFileType = sourcecode.swift; path = MainPageListListTableViewCell.swift; sourceTree = "<group>"; };
		E0DD7AB32AED83620022927C /* FirebaseMainPageUserModel.swift */ = {isa = PBXFileReference; lastKnownFileType = sourcecode.swift; path = FirebaseMainPageUserModel.swift; sourceTree = "<group>"; };
		E0DD7AB52AED83C80022927C /* FirebaseMainPageUserMessage.swift */ = {isa = PBXFileReference; lastKnownFileType = sourcecode.swift; path = FirebaseMainPageUserMessage.swift; sourceTree = "<group>"; };
		E0DD7AB72AED842E0022927C /* FirebaseMainPageUser.swift */ = {isa = PBXFileReference; lastKnownFileType = sourcecode.swift; path = FirebaseMainPageUser.swift; sourceTree = "<group>"; };
/* End PBXFileReference section */

/* Begin PBXFrameworksBuildPhase section */
		1ECD9DDD2ADD34E5008DC85F /* Frameworks */ = {
			isa = PBXFrameworksBuildPhase;
			buildActionMask = 2147483647;
			files = (
				1E6020162AE672F90082F67C /* Alamofire in Frameworks */,
				1EFFEC7D2AE13E58006EBD97 /* KakaoSDKFriend in Frameworks */,
				1EFFEC732AE13E58006EBD97 /* KakaoSDK in Frameworks */,
				1EFFEC972AE13E73006EBD97 /* KakaoSDKFriend in Frameworks */,
				1EFFEC812AE13E58006EBD97 /* KakaoSDKNavi in Frameworks */,
				1EFFEC792AE13E58006EBD97 /* KakaoSDKCertCore in Frameworks */,
				1E787CCF2AEFD06E009975CC /* FirebaseFirestore in Frameworks */,
				1EFFEC952AE13E73006EBD97 /* KakaoSDKCommon in Frameworks */,
				1EFFEC852AE13E58006EBD97 /* KakaoSDKStory in Frameworks */,
				1EFFEC7F2AE13E58006EBD97 /* KakaoSDKFriendCore in Frameworks */,
				1E787CBB2AEFD06E009975CC /* FirebaseAnalyticsSwift in Frameworks */,
				1EFFEC8F2AE13E73006EBD97 /* KakaoSDKAuth in Frameworks */,
				1E787CDF2AEFD06E009975CC /* FirebaseMLModelDownloader in Frameworks */,
				1E787CCD2AEFD06E009975CC /* FirebaseDynamicLinks in Frameworks */,
				1EFFEC932AE13E73006EBD97 /* KakaoSDKCertCore in Frameworks */,
				1E787CC32AEFD06E009975CC /* FirebaseAuth in Frameworks */,
				1EFFECA32AE13E73006EBD97 /* KakaoSDKTemplate in Frameworks */,
				E04D219A2AE243940049D6A3 /* FirebaseAnalytics in Frameworks */,
				1E787CB92AEFD06E009975CC /* FirebaseAnalyticsOnDeviceConversion in Frameworks */,
				1EFFEC912AE13E73006EBD97 /* KakaoSDKCert in Frameworks */,
				1E787CB72AEFD06E009975CC /* FirebaseAnalytics in Frameworks */,
				E04D21A22AE243940049D6A3 /* FirebaseFirestore in Frameworks */,
				1EFFEC752AE13E58006EBD97 /* KakaoSDKAuth in Frameworks */,
				1E787CDB2AEFD06E009975CC /* FirebaseInAppMessagingSwift-Beta in Frameworks */,
				1EFFEC9D2AE13E73006EBD97 /* KakaoSDKShare in Frameworks */,
				1EFFEC832AE13E58006EBD97 /* KakaoSDKShare in Frameworks */,
				1E787CE12AEFD06E009975CC /* FirebaseMessaging in Frameworks */,
				1E787CBF2AEFD06E009975CC /* FirebaseAppCheck in Frameworks */,
				1EFFEC992AE13E73006EBD97 /* KakaoSDKFriendCore in Frameworks */,
				1EFFECAD2AE145B9006EBD97 /* SnapKit in Frameworks */,
				1E787CE72AEFD06E009975CC /* FirebaseRemoteConfigSwift in Frameworks */,
				1EFFECAF2AE145B9006EBD97 /* SnapKit-Dynamic in Frameworks */,
				1EFFEC9B2AE13E73006EBD97 /* KakaoSDKNavi in Frameworks */,
				1E787CD92AEFD06E009975CC /* FirebaseInAppMessaging-Beta in Frameworks */,
				1EFFEC872AE13E58006EBD97 /* KakaoSDKTalk in Frameworks */,
				1E787CE92AEFD06E009975CC /* FirebaseStorage in Frameworks */,
				1EFFEC8B2AE13E58006EBD97 /* KakaoSDKUser in Frameworks */,
				1EFFECB42AE21125006EBD97 /* TossPayments in Frameworks */,
				1EFFEC8D2AE13E73006EBD97 /* KakaoSDK in Frameworks */,
				1E787CD12AEFD06E009975CC /* FirebaseFirestoreCombine-Community in Frameworks */,
				E04D21A02AE243940049D6A3 /* FirebaseDatabase in Frameworks */,
				1E787CE52AEFD06E009975CC /* FirebaseRemoteConfig in Frameworks */,
				1E787CD52AEFD06E009975CC /* FirebaseFunctions in Frameworks */,
				1E787CEB2AEFD06E009975CC /* FirebaseStorageCombine-Community in Frameworks */,
				1E787CD32AEFD06E009975CC /* FirebaseFirestoreSwift in Frameworks */,
				1EFFEC7B2AE13E58006EBD97 /* KakaoSDKCommon in Frameworks */,
				1E787CBD2AEFD06E009975CC /* FirebaseAnalyticsWithoutAdIdSupport in Frameworks */,
				1EFFEC892AE13E58006EBD97 /* KakaoSDKTemplate in Frameworks */,
				1EFFECA12AE13E73006EBD97 /* KakaoSDKTalk in Frameworks */,
				1E787CDD2AEFD06E009975CC /* FirebaseInstallations in Frameworks */,
				1E787CC92AEFD06E009975CC /* FirebaseDatabase in Frameworks */,
				1E787CC12AEFD06E009975CC /* FirebaseAppDistribution-Beta in Frameworks */,
				1EFFEC772AE13E58006EBD97 /* KakaoSDKCert in Frameworks */,
				1E787CCB2AEFD06E009975CC /* FirebaseDatabaseSwift in Frameworks */,
				E04D219E2AE243940049D6A3 /* FirebaseAuthCombine-Community in Frameworks */,
				1E787CC52AEFD06E009975CC /* FirebaseAuthCombine-Community in Frameworks */,
				1E787CE32AEFD06E009975CC /* FirebasePerformance in Frameworks */,
				1EFFEC9F2AE13E73006EBD97 /* KakaoSDKStory in Frameworks */,
				1EFFECA52AE13E73006EBD97 /* KakaoSDKUser in Frameworks */,
				1E787CC72AEFD06E009975CC /* FirebaseCrashlytics in Frameworks */,
				E04D219C2AE243940049D6A3 /* FirebaseAuth in Frameworks */,
				B875A2097E15AFF1912611FA /* Pods_Last_Project.framework in Frameworks */,
				1E787CD72AEFD06E009975CC /* FirebaseFunctionsCombine-Community in Frameworks */,
			);
			runOnlyForDeploymentPostprocessing = 0;
		};
/* End PBXFrameworksBuildPhase section */

/* Begin PBXGroup section */
		1A2D695FF378947464E5FB5E /* Frameworks */ = {
			isa = PBXGroup;
			children = (
				609BA085BC5C98558F25ADEA /* Pods_Last_Project.framework */,
			);
			name = Frameworks;
			sourceTree = "<group>";
		};
		1E3DAAEE2AE8DF52003AB6EC /* Cell */ = {
			isa = PBXGroup;
			children = (
				1E3DAAEF2AE8DF6E003AB6EC /* MyDog_CollectionViewCell.swift */,
			);
			path = Cell;
			sourceTree = "<group>";
		};
		1E4C7DEE2AEA57610077B1F6 /* Recovered References */ = {
			isa = PBXGroup;
			children = (
				1E4C7DF92AEA596B0077B1F6 /* dogVM.swift */,
			);
			name = "Recovered References";
			sourceTree = "<group>";
		};
		1E75DD0A2ADD39CC0053B4EF /* Storyboard */ = {
			isa = PBXGroup;
			children = (
				1ECD9DE92ADD34E5008DC85F /* Main.storyboard */,
				1E75DD0B2ADD3A2C0053B4EF /* Home.storyboard */,
				1E75DD0F2ADD3F140053B4EF /* Products.storyboard */,
				1E75DD112ADD3F1E0053B4EF /* MyPage.storyboard */,
				1E75DD132ADD3F290053B4EF /* LogIn.storyboard */,
			);
			path = Storyboard;
			sourceTree = "<group>";
		};
		1E75DD152ADD3FEB0053B4EF /* ViewController */ = {
			isa = PBXGroup;
			children = (
				1E3DAAEE2AE8DF52003AB6EC /* Cell */,
				1EFFECA92AE1455C006EBD97 /* LogIn_ViewController.swift */,
				1EFFECB02AE1503A006EBD97 /* MyPage_ViewController.swift */,
				1EFFED982AE22DBE006EBD97 /* LogIn_with_Email_ViewController.swift */,
				1EFFEDE72AE25A9A006EBD97 /* SignIn_ViewController.swift */,
				E0BE10192AE63CA7003192D9 /* MainPageBtnCollectionViewCell.swift */,
				1E60201D2AE767510082F67C /* FindPassword_ViewController.swift */,
				1E6020212AE78D800082F67C /* FindID_ViewController.swift */,
				1E3DAAEA2AE8BBB6003AB6EC /* Products_ViewController.swift */,
				E00CC0D12AE972F800F52A4F /* MainPageReservationViewViewController.swift */,
				E00CC0D32AE9737500F52A4F /* MainPageReservationCollectionViewCell.swift */,
				E003AE172AEA0F7600F9FC95 /* MainPageReservationListCollectionViewCell.swift */,
				E0D243602AEEE6660032B067 /* MainPageReservationViewView2ViewController.swift */,
				E0DAA67A2AF03FAB008194A1 /* MainPageListListTableTableViewController.swift */,
				E0DAA67C2AF041EA008194A1 /* MainPageListListTableViewCell.swift */,
				1E67ACB72AEFC8DB002A299F /* MyPages_Detail_ViewController.swift */,
				1E787CF22AEFE091009975CC /* CollectionViewController.swift */,
				1E787CF42AF00E4D009975CC /* UpdateDog_UViewController.swift */,
			);
			path = ViewController;
			sourceTree = "<group>";
		};
		1E75DD162ADD3FF60053B4EF /* Serviece */ = {
			isa = PBXGroup;
			children = (
				E0DAA6702AF02378008194A1 /* AppDelegate.swift */,
				E0DAA6722AF02382008194A1 /* SceneDelegate.swift */,
			);
			path = Serviece;
			sourceTree = "<group>";
		};
		1E75DD172ADD40020053B4EF /* ViewModel */ = {
			isa = PBXGroup;
			children = (
				1EFFECA72AE14441006EBD97 /* KakaoAuthVM.swift */,
				E073F70F2AE5A6D80064BB3F /* FirebaseMainPageImage.swift */,
				E0BE101F2AE64185003192D9 /* FirebaseMainPageBtn.swift */,
				E003AE1F2AEA12A100F9FC95 /* FirebaseMainPageReservationList.swift */,
				E0DD7AB72AED842E0022927C /* FirebaseMainPageUser.swift */,
				E0DAA6782AF03CAE008194A1 /* FirebaseMainPageReservationListList.swift */,
				E061CC992AF0AD1B00C89A93 /* FirebaseListDelete.swift */,
				1E787CF02AEFDA2A009975CC /* FirebaseDogVM.swift */,
				1E787CF62AF0158F009975CC /* FirebaseDogUpdateVM.swift */,
			);
			path = ViewModel;
			sourceTree = "<group>";
		};
		1E75DD182ADD400C0053B4EF /* Model */ = {
			isa = PBXGroup;
			children = (
				1E75DD1A2ADD401E0053B4EF /* DBModel */,
				1E75DD192ADD40160053B4EF /* JSONModel */,
			);
			path = Model;
			sourceTree = "<group>";
		};
		1E75DD192ADD40160053B4EF /* JSONModel */ = {
			isa = PBXGroup;
			children = (
				1E75DD172ADD40020053B4EF /* ViewModel */,
				1E6020142AE65E890082F67C /* KakaoUserResponse.swift */,
				1E4C7DF72AEA59550077B1F6 /* dogJSONModel.swift */,
			);
			path = JSONModel;
			sourceTree = "<group>";
		};
		1E75DD1A2ADD401E0053B4EF /* DBModel */ = {
			isa = PBXGroup;
			children = (
				1E787CEE2AEFD978009975CC /* FirebaseDogDBModel.swift */,
				1EFFEDE92AE25BC8006EBD97 /* FirebaseSignInModel.swift */,
				E073F70B2AE5A4CD0064BB3F /* FirebaseMainPageModel.swift */,
				E073F70D2AE5A6710064BB3F /* FirebaseMainPageMessage.swift */,
				E0BE101B2AE63FC9003192D9 /* FirebaseMainPageBtnModel.swift */,
				E0BE101D2AE64164003192D9 /* FirebaseMainPageBtnMessage.swift */,
				E003AE1B2AEA109400F9FC95 /* FirebaseMainPageReservationListModel.swift */,
				E003AE1D2AEA111000F9FC95 /* FirebaseMainPageReservationListMessage.swift */,
				E0DD7AB32AED83620022927C /* FirebaseMainPageUserModel.swift */,
				E0DD7AB52AED83C80022927C /* FirebaseMainPageUserMessage.swift */,
				E0DAA6742AF037CC008194A1 /* FirebaseMainPageReservationListListModel.swift */,
				E0DAA6762AF03BDD008194A1 /* FirebaseMainPageReservationListListMessage.swift */,
				1E79F2D22AE625A50016B226 /* SingIn.swift */,
				1E60201B2AE74F6F0082F67C /* KakaoSignInModel.swift */,
				1E4C7DF52AEA593A0077B1F6 /* dogModel.swift */,
			);
			path = DBModel;
			sourceTree = "<group>";
		};
		1ECD9DD72ADD34E5008DC85F = {
			isa = PBXGroup;
			children = (
				1ECD9DE22ADD34E5008DC85F /* Last Project */,
				1ECD9DE12ADD34E5008DC85F /* Products */,
				9A4114CC1EE382C4E9FCEA86 /* Pods */,
				1A2D695FF378947464E5FB5E /* Frameworks */,
				1E4C7DEE2AEA57610077B1F6 /* Recovered References */,
			);
			sourceTree = "<group>";
		};
		1ECD9DE12ADD34E5008DC85F /* Products */ = {
			isa = PBXGroup;
			children = (
				1ECD9DE02ADD34E5008DC85F /* Last Project.app */,
			);
			name = Products;
			sourceTree = "<group>";
		};
		1ECD9DE22ADD34E5008DC85F /* Last Project */ = {
			isa = PBXGroup;
			children = (
				1E75DD182ADD400C0053B4EF /* Model */,
				1E75DD162ADD3FF60053B4EF /* Serviece */,
				1E75DD152ADD3FEB0053B4EF /* ViewController */,
				1E75DD0A2ADD39CC0053B4EF /* Storyboard */,
				1ECD9DE72ADD34E5008DC85F /* HomeViewController.swift */,
				1E60201F2AE76B000082F67C /* Service.swift */,
				1E038F612AE7C29B00A54631 /* CustomTabBarController.swift */,
				1ECD9DEC2ADD34E6008DC85F /* Assets.xcassets */,
				1ECD9DEE2ADD34E6008DC85F /* LaunchScreen.storyboard */,
				1ECD9DF12ADD34E6008DC85F /* Info.plist */,
				E04D21962AE242610049D6A3 /* GoogleService-Info.plist */,
				E02237FF2AE6335000665505 /* Config.xcconfig */,
				1E787CEC2AEFD0A6009975CC /* FirebaseStorageManager.swift */,
			);
			path = "Last Project";
			sourceTree = "<group>";
		};
		9A4114CC1EE382C4E9FCEA86 /* Pods */ = {
			isa = PBXGroup;
			children = (
				71CD57A96B5913FF7F2568A8 /* Pods-Last Project.debug.xcconfig */,
				509E4C54CA45149765D75D9A /* Pods-Last Project.release.xcconfig */,
			);
			path = Pods;
			sourceTree = "<group>";
		};
/* End PBXGroup section */

/* Begin PBXNativeTarget section */
		1ECD9DDF2ADD34E5008DC85F /* Last Project */ = {
			isa = PBXNativeTarget;
			buildConfigurationList = 1ECD9DF42ADD34E6008DC85F /* Build configuration list for PBXNativeTarget "Last Project" */;
			buildPhases = (
				780FCF797C7B1884168414F3 /* [CP] Check Pods Manifest.lock */,
				1ECD9DDC2ADD34E5008DC85F /* Sources */,
				1ECD9DDD2ADD34E5008DC85F /* Frameworks */,
				1ECD9DDE2ADD34E5008DC85F /* Resources */,
			);
			buildRules = (
			);
			dependencies = (
			);
			name = "Last Project";
			packageProductDependencies = (
				1EFFEC722AE13E58006EBD97 /* KakaoSDK */,
				1EFFEC742AE13E58006EBD97 /* KakaoSDKAuth */,
				1EFFEC762AE13E58006EBD97 /* KakaoSDKCert */,
				1EFFEC782AE13E58006EBD97 /* KakaoSDKCertCore */,
				1EFFEC7A2AE13E58006EBD97 /* KakaoSDKCommon */,
				1EFFEC7C2AE13E58006EBD97 /* KakaoSDKFriend */,
				1EFFEC7E2AE13E58006EBD97 /* KakaoSDKFriendCore */,
				1EFFEC802AE13E58006EBD97 /* KakaoSDKNavi */,
				1EFFEC822AE13E58006EBD97 /* KakaoSDKShare */,
				1EFFEC842AE13E58006EBD97 /* KakaoSDKStory */,
				1EFFEC862AE13E58006EBD97 /* KakaoSDKTalk */,
				1EFFEC882AE13E58006EBD97 /* KakaoSDKTemplate */,
				1EFFEC8A2AE13E58006EBD97 /* KakaoSDKUser */,
				1EFFEC8C2AE13E73006EBD97 /* KakaoSDK */,
				1EFFEC8E2AE13E73006EBD97 /* KakaoSDKAuth */,
				1EFFEC902AE13E73006EBD97 /* KakaoSDKCert */,
				1EFFEC922AE13E73006EBD97 /* KakaoSDKCertCore */,
				1EFFEC942AE13E73006EBD97 /* KakaoSDKCommon */,
				1EFFEC962AE13E73006EBD97 /* KakaoSDKFriend */,
				1EFFEC982AE13E73006EBD97 /* KakaoSDKFriendCore */,
				1EFFEC9A2AE13E73006EBD97 /* KakaoSDKNavi */,
				1EFFEC9C2AE13E73006EBD97 /* KakaoSDKShare */,
				1EFFEC9E2AE13E73006EBD97 /* KakaoSDKStory */,
				1EFFECA02AE13E73006EBD97 /* KakaoSDKTalk */,
				1EFFECA22AE13E73006EBD97 /* KakaoSDKTemplate */,
				1EFFECA42AE13E73006EBD97 /* KakaoSDKUser */,
				1EFFECAC2AE145B9006EBD97 /* SnapKit */,
				1EFFECAE2AE145B9006EBD97 /* SnapKit-Dynamic */,
				1EFFECB32AE21125006EBD97 /* TossPayments */,
				E04D21992AE243940049D6A3 /* FirebaseAnalytics */,
				E04D219B2AE243940049D6A3 /* FirebaseAuth */,
				E04D219D2AE243940049D6A3 /* FirebaseAuthCombine-Community */,
				E04D219F2AE243940049D6A3 /* FirebaseDatabase */,
				E04D21A12AE243940049D6A3 /* FirebaseFirestore */,
				1E49BD642AE655A100E16AF1 /* Alamofire */,
				1E787CB62AEFD06E009975CC /* FirebaseAnalytics */,
				1E787CB82AEFD06E009975CC /* FirebaseAnalyticsOnDeviceConversion */,
				1E787CBA2AEFD06E009975CC /* FirebaseAnalyticsSwift */,
				1E787CBC2AEFD06E009975CC /* FirebaseAnalyticsWithoutAdIdSupport */,
				1E787CBE2AEFD06E009975CC /* FirebaseAppCheck */,
				1E787CC02AEFD06E009975CC /* FirebaseAppDistribution-Beta */,
				1E787CC22AEFD06E009975CC /* FirebaseAuth */,
				1E787CC42AEFD06E009975CC /* FirebaseAuthCombine-Community */,
				1E787CC62AEFD06E009975CC /* FirebaseCrashlytics */,
				1E787CC82AEFD06E009975CC /* FirebaseDatabase */,
				1E787CCA2AEFD06E009975CC /* FirebaseDatabaseSwift */,
				1E787CCC2AEFD06E009975CC /* FirebaseDynamicLinks */,
				1E787CCE2AEFD06E009975CC /* FirebaseFirestore */,
				1E787CD02AEFD06E009975CC /* FirebaseFirestoreCombine-Community */,
				1E787CD22AEFD06E009975CC /* FirebaseFirestoreSwift */,
				1E787CD42AEFD06E009975CC /* FirebaseFunctions */,
				1E787CD62AEFD06E009975CC /* FirebaseFunctionsCombine-Community */,
				1E787CD82AEFD06E009975CC /* FirebaseInAppMessaging-Beta */,
				1E787CDA2AEFD06E009975CC /* FirebaseInAppMessagingSwift-Beta */,
				1E787CDC2AEFD06E009975CC /* FirebaseInstallations */,
				1E787CDE2AEFD06E009975CC /* FirebaseMLModelDownloader */,
				1E787CE02AEFD06E009975CC /* FirebaseMessaging */,
				1E787CE22AEFD06E009975CC /* FirebasePerformance */,
				1E787CE42AEFD06E009975CC /* FirebaseRemoteConfig */,
				1E787CE62AEFD06E009975CC /* FirebaseRemoteConfigSwift */,
				1E787CE82AEFD06E009975CC /* FirebaseStorage */,
				1E787CEA2AEFD06E009975CC /* FirebaseStorageCombine-Community */,
			);
			productName = "Last Project";
			productReference = 1ECD9DE02ADD34E5008DC85F /* Last Project.app */;
			productType = "com.apple.product-type.application";
		};
/* End PBXNativeTarget section */

/* Begin PBXProject section */
		1ECD9DD82ADD34E5008DC85F /* Project object */ = {
			isa = PBXProject;
			attributes = {
				BuildIndependentTargetsInParallel = 1;
				LastSwiftUpdateCheck = 1500;
				LastUpgradeCheck = 1500;
				TargetAttributes = {
					1ECD9DDF2ADD34E5008DC85F = {
						CreatedOnToolsVersion = 15.0;
					};
				};
			};
			buildConfigurationList = 1ECD9DDB2ADD34E5008DC85F /* Build configuration list for PBXProject "Last Project" */;
			compatibilityVersion = "Xcode 14.0";
			developmentRegion = en;
			hasScannedForEncodings = 0;
			knownRegions = (
				en,
				Base,
			);
			mainGroup = 1ECD9DD72ADD34E5008DC85F;
			packageReferences = (
				1EFFEC712AE13E58006EBD97 /* XCRemoteSwiftPackageReference "kakao-ios-sdk" */,
				1EFFECAB2AE145B9006EBD97 /* XCRemoteSwiftPackageReference "SnapKit" */,
				1EFFECB22AE21125006EBD97 /* XCRemoteSwiftPackageReference "payment-sdk-ios" */,
				E04D21982AE243940049D6A3 /* XCRemoteSwiftPackageReference "firebase-ios-sdk" */,
				1E49BD632AE655A100E16AF1 /* XCRemoteSwiftPackageReference "Alamofire" */,
			);
			productRefGroup = 1ECD9DE12ADD34E5008DC85F /* Products */;
			projectDirPath = "";
			projectRoot = "";
			targets = (
				1ECD9DDF2ADD34E5008DC85F /* Last Project */,
			);
		};
/* End PBXProject section */

/* Begin PBXResourcesBuildPhase section */
		1ECD9DDE2ADD34E5008DC85F /* Resources */ = {
			isa = PBXResourcesBuildPhase;
			buildActionMask = 2147483647;
			files = (
				1E75DD102ADD3F140053B4EF /* Products.storyboard in Resources */,
				1ECD9DF02ADD34E6008DC85F /* LaunchScreen.storyboard in Resources */,
				1ECD9DED2ADD34E6008DC85F /* Assets.xcassets in Resources */,
				1E75DD122ADD3F1E0053B4EF /* MyPage.storyboard in Resources */,
				E04D21972AE242610049D6A3 /* GoogleService-Info.plist in Resources */,
				1ECD9DEB2ADD34E5008DC85F /* Main.storyboard in Resources */,
				1E6020232AE78FD00082F67C /* LogIn.storyboard in Resources */,
				1E75DD0C2ADD3A2C0053B4EF /* Home.storyboard in Resources */,
			);
			runOnlyForDeploymentPostprocessing = 0;
		};
/* End PBXResourcesBuildPhase section */

/* Begin PBXShellScriptBuildPhase section */
		780FCF797C7B1884168414F3 /* [CP] Check Pods Manifest.lock */ = {
			isa = PBXShellScriptBuildPhase;
			buildActionMask = 2147483647;
			files = (
			);
			inputFileListPaths = (
			);
			inputPaths = (
				"${PODS_PODFILE_DIR_PATH}/Podfile.lock",
				"${PODS_ROOT}/Manifest.lock",
			);
			name = "[CP] Check Pods Manifest.lock";
			outputFileListPaths = (
			);
			outputPaths = (
				"$(DERIVED_FILE_DIR)/Pods-Last Project-checkManifestLockResult.txt",
			);
			runOnlyForDeploymentPostprocessing = 0;
			shellPath = /bin/sh;
			shellScript = "diff \"${PODS_PODFILE_DIR_PATH}/Podfile.lock\" \"${PODS_ROOT}/Manifest.lock\" > /dev/null\nif [ $? != 0 ] ; then\n    # print error to STDERR\n    echo \"error: The sandbox is not in sync with the Podfile.lock. Run 'pod install' or update your CocoaPods installation.\" >&2\n    exit 1\nfi\n# This output is used by Xcode 'outputs' to avoid re-running this script phase.\necho \"SUCCESS\" > \"${SCRIPT_OUTPUT_FILE_0}\"\n";
			showEnvVarsInLog = 0;
		};
/* End PBXShellScriptBuildPhase section */

/* Begin PBXSourcesBuildPhase section */
		1ECD9DDC2ADD34E5008DC85F /* Sources */ = {
			isa = PBXSourcesBuildPhase;
			buildActionMask = 2147483647;
			files = (
				E0DAA6712AF02378008194A1 /* AppDelegate.swift in Sources */,
				E0DD7AB62AED83C80022927C /* FirebaseMainPageUserMessage.swift in Sources */,
				E0DAA6752AF037CC008194A1 /* FirebaseMainPageReservationListListModel.swift in Sources */,
				E073F7102AE5A6D80064BB3F /* FirebaseMainPageImage.swift in Sources */,
				E073F70E2AE5A6710064BB3F /* FirebaseMainPageMessage.swift in Sources */,
				1E3DAAF02AE8DF6E003AB6EC /* MyDog_CollectionViewCell.swift in Sources */,
				1E4C7DF62AEA593A0077B1F6 /* dogModel.swift in Sources */,
				1EFFECA82AE14441006EBD97 /* KakaoAuthVM.swift in Sources */,
				E0DAA6732AF02382008194A1 /* SceneDelegate.swift in Sources */,
				E003AE202AEA12A100F9FC95 /* FirebaseMainPageReservationList.swift in Sources */,
				1ECD9DE82ADD34E5008DC85F /* HomeViewController.swift in Sources */,
				E003AE1E2AEA111000F9FC95 /* FirebaseMainPageReservationListMessage.swift in Sources */,
				E073F70C2AE5A4CD0064BB3F /* FirebaseMainPageModel.swift in Sources */,
				1EFFECAA2AE1455C006EBD97 /* LogIn_ViewController.swift in Sources */,
				E0BE10202AE64185003192D9 /* FirebaseMainPageBtn.swift in Sources */,
				1E787CF52AF00E4D009975CC /* UpdateDog_UViewController.swift in Sources */,
				1E60201C2AE74F6F0082F67C /* KakaoSignInModel.swift in Sources */,
				E061CC9A2AF0AD1B00C89A93 /* FirebaseListDelete.swift in Sources */,
				1E67ACB82AEFC8DC002A299F /* MyPages_Detail_ViewController.swift in Sources */,
				E0DAA67B2AF03FAB008194A1 /* MainPageListListTableTableViewController.swift in Sources */,
				1E787CF12AEFDA2A009975CC /* FirebaseDogVM.swift in Sources */,
				1E787CF72AF0158F009975CC /* FirebaseDogUpdateVM.swift in Sources */,
				1EFFECB12AE1503A006EBD97 /* MyPage_ViewController.swift in Sources */,
				E0DAA6772AF03BDD008194A1 /* FirebaseMainPageReservationListListMessage.swift in Sources */,
				E0DD7AB42AED83620022927C /* FirebaseMainPageUserModel.swift in Sources */,
				E00CC0D42AE9737500F52A4F /* MainPageReservationCollectionViewCell.swift in Sources */,
				E003AE182AEA0F7600F9FC95 /* MainPageReservationListCollectionViewCell.swift in Sources */,
				1E787CF32AEFE091009975CC /* CollectionViewController.swift in Sources */,
				E0BE101C2AE63FC9003192D9 /* FirebaseMainPageBtnModel.swift in Sources */,
				E0DAA67D2AF041EA008194A1 /* MainPageListListTableViewCell.swift in Sources */,
				1E6020222AE78D800082F67C /* FindID_ViewController.swift in Sources */,
				E00CC0D22AE972F800F52A4F /* MainPageReservationViewViewController.swift in Sources */,
				1E4C7DF82AEA59550077B1F6 /* dogJSONModel.swift in Sources */,
				1EFFEDE82AE25A9A006EBD97 /* SignIn_ViewController.swift in Sources */,
				1E79F2D32AE625A50016B226 /* SingIn.swift in Sources */,
				1E4C7DFA2AEA596B0077B1F6 /* dogVM.swift in Sources */,
				1EFFEDEA2AE25BC8006EBD97 /* FirebaseSignInModel.swift in Sources */,
				E0D243612AEEE6660032B067 /* MainPageReservationViewView2ViewController.swift in Sources */,
				1E60201E2AE767510082F67C /* FindPassword_ViewController.swift in Sources */,
				1E787CEF2AEFD978009975CC /* FirebaseDogDBModel.swift in Sources */,
				E0DD7AB82AED842E0022927C /* FirebaseMainPageUser.swift in Sources */,
				1E787CED2AEFD0A6009975CC /* FirebaseStorageManager.swift in Sources */,
				E003AE1C2AEA109400F9FC95 /* FirebaseMainPageReservationListModel.swift in Sources */,
				1E038F622AE7C29B00A54631 /* CustomTabBarController.swift in Sources */,
				E0BE101A2AE63CA7003192D9 /* MainPageBtnCollectionViewCell.swift in Sources */,
				1EFFED992AE22DBE006EBD97 /* LogIn_with_Email_ViewController.swift in Sources */,
				1E6020202AE76B000082F67C /* Service.swift in Sources */,
				1E3DAAEB2AE8BBB6003AB6EC /* Products_ViewController.swift in Sources */,
				E0DAA6792AF03CAE008194A1 /* FirebaseMainPageReservationListList.swift in Sources */,
				E0BE101E2AE64164003192D9 /* FirebaseMainPageBtnMessage.swift in Sources */,
			);
			runOnlyForDeploymentPostprocessing = 0;
		};
/* End PBXSourcesBuildPhase section */

/* Begin PBXVariantGroup section */
		1ECD9DE92ADD34E5008DC85F /* Main.storyboard */ = {
			isa = PBXVariantGroup;
			children = (
				1ECD9DEA2ADD34E5008DC85F /* Base */,
			);
			name = Main.storyboard;
			sourceTree = "<group>";
		};
		1ECD9DEE2ADD34E6008DC85F /* LaunchScreen.storyboard */ = {
			isa = PBXVariantGroup;
			children = (
				1ECD9DEF2ADD34E6008DC85F /* Base */,
			);
			name = LaunchScreen.storyboard;
			sourceTree = "<group>";
		};
/* End PBXVariantGroup section */

/* Begin XCBuildConfiguration section */
		1ECD9DF22ADD34E6008DC85F /* Debug */ = {
			isa = XCBuildConfiguration;
			baseConfigurationReference = E02237FF2AE6335000665505 /* Config.xcconfig */;
			buildSettings = {
				ALWAYS_SEARCH_USER_PATHS = NO;
				ASSETCATALOG_COMPILER_GENERATE_SWIFT_ASSET_SYMBOL_EXTENSIONS = YES;
				CLANG_ANALYZER_NONNULL = YES;
				CLANG_ANALYZER_NUMBER_OBJECT_CONVERSION = YES_AGGRESSIVE;
				CLANG_CXX_LANGUAGE_STANDARD = "gnu++20";
				CLANG_ENABLE_MODULES = YES;
				CLANG_ENABLE_OBJC_ARC = YES;
				CLANG_ENABLE_OBJC_WEAK = YES;
				CLANG_WARN_BLOCK_CAPTURE_AUTORELEASING = YES;
				CLANG_WARN_BOOL_CONVERSION = YES;
				CLANG_WARN_COMMA = YES;
				CLANG_WARN_CONSTANT_CONVERSION = YES;
				CLANG_WARN_DEPRECATED_OBJC_IMPLEMENTATIONS = YES;
				CLANG_WARN_DIRECT_OBJC_ISA_USAGE = YES_ERROR;
				CLANG_WARN_DOCUMENTATION_COMMENTS = YES;
				CLANG_WARN_EMPTY_BODY = YES;
				CLANG_WARN_ENUM_CONVERSION = YES;
				CLANG_WARN_INFINITE_RECURSION = YES;
				CLANG_WARN_INT_CONVERSION = YES;
				CLANG_WARN_NON_LITERAL_NULL_CONVERSION = YES;
				CLANG_WARN_OBJC_IMPLICIT_RETAIN_SELF = YES;
				CLANG_WARN_OBJC_LITERAL_CONVERSION = YES;
				CLANG_WARN_OBJC_ROOT_CLASS = YES_ERROR;
				CLANG_WARN_QUOTED_INCLUDE_IN_FRAMEWORK_HEADER = YES;
				CLANG_WARN_RANGE_LOOP_ANALYSIS = YES;
				CLANG_WARN_STRICT_PROTOTYPES = YES;
				CLANG_WARN_SUSPICIOUS_MOVE = YES;
				CLANG_WARN_UNGUARDED_AVAILABILITY = YES_AGGRESSIVE;
				CLANG_WARN_UNREACHABLE_CODE = YES;
				CLANG_WARN__DUPLICATE_METHOD_MATCH = YES;
				COPY_PHASE_STRIP = NO;
				DEBUG_INFORMATION_FORMAT = dwarf;
				ENABLE_STRICT_OBJC_MSGSEND = YES;
				ENABLE_TESTABILITY = YES;
				ENABLE_USER_SCRIPT_SANDBOXING = YES;
				GCC_C_LANGUAGE_STANDARD = gnu17;
				GCC_DYNAMIC_NO_PIC = NO;
				GCC_NO_COMMON_BLOCKS = YES;
				GCC_OPTIMIZATION_LEVEL = 0;
				GCC_PREPROCESSOR_DEFINITIONS = (
					"DEBUG=1",
					"$(inherited)",
				);
				GCC_WARN_64_TO_32_BIT_CONVERSION = YES;
				GCC_WARN_ABOUT_RETURN_TYPE = YES_ERROR;
				GCC_WARN_UNDECLARED_SELECTOR = YES;
				GCC_WARN_UNINITIALIZED_AUTOS = YES_AGGRESSIVE;
				GCC_WARN_UNUSED_FUNCTION = YES;
				GCC_WARN_UNUSED_VARIABLE = YES;
				IPHONEOS_DEPLOYMENT_TARGET = 15.0;
				LOCALIZATION_PREFERS_STRING_CATALOGS = YES;
				MTL_ENABLE_DEBUG_INFO = INCLUDE_SOURCE;
				MTL_FAST_MATH = YES;
				ONLY_ACTIVE_ARCH = YES;
				SDKROOT = iphoneos;
				SWIFT_ACTIVE_COMPILATION_CONDITIONS = "DEBUG $(inherited)";
				SWIFT_OPTIMIZATION_LEVEL = "-Onone";
			};
			name = Debug;
		};
		1ECD9DF32ADD34E6008DC85F /* Release */ = {
			isa = XCBuildConfiguration;
			baseConfigurationReference = E02237FF2AE6335000665505 /* Config.xcconfig */;
			buildSettings = {
				ALWAYS_SEARCH_USER_PATHS = NO;
				ASSETCATALOG_COMPILER_GENERATE_SWIFT_ASSET_SYMBOL_EXTENSIONS = YES;
				CLANG_ANALYZER_NONNULL = YES;
				CLANG_ANALYZER_NUMBER_OBJECT_CONVERSION = YES_AGGRESSIVE;
				CLANG_CXX_LANGUAGE_STANDARD = "gnu++20";
				CLANG_ENABLE_MODULES = YES;
				CLANG_ENABLE_OBJC_ARC = YES;
				CLANG_ENABLE_OBJC_WEAK = YES;
				CLANG_WARN_BLOCK_CAPTURE_AUTORELEASING = YES;
				CLANG_WARN_BOOL_CONVERSION = YES;
				CLANG_WARN_COMMA = YES;
				CLANG_WARN_CONSTANT_CONVERSION = YES;
				CLANG_WARN_DEPRECATED_OBJC_IMPLEMENTATIONS = YES;
				CLANG_WARN_DIRECT_OBJC_ISA_USAGE = YES_ERROR;
				CLANG_WARN_DOCUMENTATION_COMMENTS = YES;
				CLANG_WARN_EMPTY_BODY = YES;
				CLANG_WARN_ENUM_CONVERSION = YES;
				CLANG_WARN_INFINITE_RECURSION = YES;
				CLANG_WARN_INT_CONVERSION = YES;
				CLANG_WARN_NON_LITERAL_NULL_CONVERSION = YES;
				CLANG_WARN_OBJC_IMPLICIT_RETAIN_SELF = YES;
				CLANG_WARN_OBJC_LITERAL_CONVERSION = YES;
				CLANG_WARN_OBJC_ROOT_CLASS = YES_ERROR;
				CLANG_WARN_QUOTED_INCLUDE_IN_FRAMEWORK_HEADER = YES;
				CLANG_WARN_RANGE_LOOP_ANALYSIS = YES;
				CLANG_WARN_STRICT_PROTOTYPES = YES;
				CLANG_WARN_SUSPICIOUS_MOVE = YES;
				CLANG_WARN_UNGUARDED_AVAILABILITY = YES_AGGRESSIVE;
				CLANG_WARN_UNREACHABLE_CODE = YES;
				CLANG_WARN__DUPLICATE_METHOD_MATCH = YES;
				COPY_PHASE_STRIP = NO;
				DEBUG_INFORMATION_FORMAT = "dwarf-with-dsym";
				ENABLE_NS_ASSERTIONS = NO;
				ENABLE_STRICT_OBJC_MSGSEND = YES;
				ENABLE_USER_SCRIPT_SANDBOXING = YES;
				GCC_C_LANGUAGE_STANDARD = gnu17;
				GCC_NO_COMMON_BLOCKS = YES;
				GCC_WARN_64_TO_32_BIT_CONVERSION = YES;
				GCC_WARN_ABOUT_RETURN_TYPE = YES_ERROR;
				GCC_WARN_UNDECLARED_SELECTOR = YES;
				GCC_WARN_UNINITIALIZED_AUTOS = YES_AGGRESSIVE;
				GCC_WARN_UNUSED_FUNCTION = YES;
				GCC_WARN_UNUSED_VARIABLE = YES;
				IPHONEOS_DEPLOYMENT_TARGET = 15.0;
				LOCALIZATION_PREFERS_STRING_CATALOGS = YES;
				MTL_ENABLE_DEBUG_INFO = NO;
				MTL_FAST_MATH = YES;
				SDKROOT = iphoneos;
				SWIFT_COMPILATION_MODE = wholemodule;
				VALIDATE_PRODUCT = YES;
			};
			name = Release;
		};
		1ECD9DF52ADD34E6008DC85F /* Debug */ = {
			isa = XCBuildConfiguration;
			baseConfigurationReference = 71CD57A96B5913FF7F2568A8 /* Pods-Last Project.debug.xcconfig */;
			buildSettings = {
				ASSETCATALOG_COMPILER_APPICON_NAME = AppIcon;
				ASSETCATALOG_COMPILER_GLOBAL_ACCENT_COLOR_NAME = AccentColor;
				CODE_SIGN_STYLE = Automatic;
				CURRENT_PROJECT_VERSION = 1;
				DEVELOPMENT_TEAM = GALH27T5F8;
				GENERATE_INFOPLIST_FILE = YES;
				INFOPLIST_FILE = "Last Project/Info.plist";
				INFOPLIST_KEY_UIApplicationSupportsIndirectInputEvents = YES;
				INFOPLIST_KEY_UILaunchStoryboardName = LaunchScreen;
				INFOPLIST_KEY_UIMainStoryboardFile = Main;
				INFOPLIST_KEY_UISupportedInterfaceOrientations_iPad = "UIInterfaceOrientationPortrait UIInterfaceOrientationPortraitUpsideDown UIInterfaceOrientationLandscapeLeft UIInterfaceOrientationLandscapeRight";
				INFOPLIST_KEY_UISupportedInterfaceOrientations_iPhone = "UIInterfaceOrientationPortrait UIInterfaceOrientationLandscapeLeft UIInterfaceOrientationLandscapeRight";
				IPHONEOS_DEPLOYMENT_TARGET = 15.0;
				LD_RUNPATH_SEARCH_PATHS = (
					"$(inherited)",
					"@executable_path/Frameworks",
				);
				MARKETING_VERSION = 1.0;
				PRODUCT_BUNDLE_IDENTIFIER = "com.swiftlec.Last-Project";
				PRODUCT_NAME = "$(TARGET_NAME)";
				SWIFT_EMIT_LOC_STRINGS = YES;
				SWIFT_VERSION = 5.0;
				TARGETED_DEVICE_FAMILY = "1,2";
			};
			name = Debug;
		};
		1ECD9DF62ADD34E6008DC85F /* Release */ = {
			isa = XCBuildConfiguration;
			baseConfigurationReference = 509E4C54CA45149765D75D9A /* Pods-Last Project.release.xcconfig */;
			buildSettings = {
				ASSETCATALOG_COMPILER_APPICON_NAME = AppIcon;
				ASSETCATALOG_COMPILER_GLOBAL_ACCENT_COLOR_NAME = AccentColor;
				CODE_SIGN_STYLE = Automatic;
				CURRENT_PROJECT_VERSION = 1;
				DEVELOPMENT_TEAM = GALH27T5F8;
				GENERATE_INFOPLIST_FILE = YES;
				INFOPLIST_FILE = "Last Project/Info.plist";
				INFOPLIST_KEY_UIApplicationSupportsIndirectInputEvents = YES;
				INFOPLIST_KEY_UILaunchStoryboardName = LaunchScreen;
				INFOPLIST_KEY_UIMainStoryboardFile = Main;
				INFOPLIST_KEY_UISupportedInterfaceOrientations_iPad = "UIInterfaceOrientationPortrait UIInterfaceOrientationPortraitUpsideDown UIInterfaceOrientationLandscapeLeft UIInterfaceOrientationLandscapeRight";
				INFOPLIST_KEY_UISupportedInterfaceOrientations_iPhone = "UIInterfaceOrientationPortrait UIInterfaceOrientationLandscapeLeft UIInterfaceOrientationLandscapeRight";
				IPHONEOS_DEPLOYMENT_TARGET = 15.0;
				LD_RUNPATH_SEARCH_PATHS = (
					"$(inherited)",
					"@executable_path/Frameworks",
				);
				MARKETING_VERSION = 1.0;
				PRODUCT_BUNDLE_IDENTIFIER = "com.swiftlec.Last-Project";
				PRODUCT_NAME = "$(TARGET_NAME)";
				SWIFT_EMIT_LOC_STRINGS = YES;
				SWIFT_VERSION = 5.0;
				TARGETED_DEVICE_FAMILY = "1,2";
			};
			name = Release;
		};
/* End XCBuildConfiguration section */

/* Begin XCConfigurationList section */
		1ECD9DDB2ADD34E5008DC85F /* Build configuration list for PBXProject "Last Project" */ = {
			isa = XCConfigurationList;
			buildConfigurations = (
				1ECD9DF22ADD34E6008DC85F /* Debug */,
				1ECD9DF32ADD34E6008DC85F /* Release */,
			);
			defaultConfigurationIsVisible = 0;
			defaultConfigurationName = Release;
		};
		1ECD9DF42ADD34E6008DC85F /* Build configuration list for PBXNativeTarget "Last Project" */ = {
			isa = XCConfigurationList;
			buildConfigurations = (
				1ECD9DF52ADD34E6008DC85F /* Debug */,
				1ECD9DF62ADD34E6008DC85F /* Release */,
			);
			defaultConfigurationIsVisible = 0;
			defaultConfigurationName = Release;
		};
/* End XCConfigurationList section */

/* Begin XCRemoteSwiftPackageReference section */
		1E49BD632AE655A100E16AF1 /* XCRemoteSwiftPackageReference "Alamofire" */ = {
			isa = XCRemoteSwiftPackageReference;
			repositoryURL = "https://github.com/Alamofire/Alamofire.git";
			requirement = {
				kind = upToNextMajorVersion;
				minimumVersion = 5.8.0;
			};
		};
		1EFFEC712AE13E58006EBD97 /* XCRemoteSwiftPackageReference "kakao-ios-sdk" */ = {
			isa = XCRemoteSwiftPackageReference;
			repositoryURL = "https://github.com/kakao/kakao-ios-sdk";
			requirement = {
				kind = upToNextMajorVersion;
				minimumVersion = 2.18.0;
			};
		};
		1EFFECAB2AE145B9006EBD97 /* XCRemoteSwiftPackageReference "SnapKit" */ = {
			isa = XCRemoteSwiftPackageReference;
			repositoryURL = "https://github.com/SnapKit/SnapKit.git";
			requirement = {
				kind = upToNextMajorVersion;
				minimumVersion = 5.6.0;
			};
		};
		1EFFECB22AE21125006EBD97 /* XCRemoteSwiftPackageReference "payment-sdk-ios" */ = {
			isa = XCRemoteSwiftPackageReference;
			repositoryURL = "https://github.com/tosspayments/payment-sdk-ios.git";
			requirement = {
				kind = upToNextMajorVersion;
				minimumVersion = 0.1.25;
			};
		};
		E04D21982AE243940049D6A3 /* XCRemoteSwiftPackageReference "firebase-ios-sdk" */ = {
			isa = XCRemoteSwiftPackageReference;
			repositoryURL = "https://github.com/firebase/firebase-ios-sdk";
			requirement = {
				kind = upToNextMajorVersion;
				minimumVersion = 10.16.0;
			};
		};
/* End XCRemoteSwiftPackageReference section */

/* Begin XCSwiftPackageProductDependency section */
		1E49BD642AE655A100E16AF1 /* Alamofire */ = {
			isa = XCSwiftPackageProductDependency;
			package = 1E49BD632AE655A100E16AF1 /* XCRemoteSwiftPackageReference "Alamofire" */;
			productName = Alamofire;
		};
		1E787CB62AEFD06E009975CC /* FirebaseAnalytics */ = {
			isa = XCSwiftPackageProductDependency;
			package = E04D21982AE243940049D6A3 /* XCRemoteSwiftPackageReference "firebase-ios-sdk" */;
			productName = FirebaseAnalytics;
		};
		1E787CB82AEFD06E009975CC /* FirebaseAnalyticsOnDeviceConversion */ = {
			isa = XCSwiftPackageProductDependency;
			package = E04D21982AE243940049D6A3 /* XCRemoteSwiftPackageReference "firebase-ios-sdk" */;
			productName = FirebaseAnalyticsOnDeviceConversion;
		};
		1E787CBA2AEFD06E009975CC /* FirebaseAnalyticsSwift */ = {
			isa = XCSwiftPackageProductDependency;
			package = E04D21982AE243940049D6A3 /* XCRemoteSwiftPackageReference "firebase-ios-sdk" */;
			productName = FirebaseAnalyticsSwift;
		};
		1E787CBC2AEFD06E009975CC /* FirebaseAnalyticsWithoutAdIdSupport */ = {
			isa = XCSwiftPackageProductDependency;
			package = E04D21982AE243940049D6A3 /* XCRemoteSwiftPackageReference "firebase-ios-sdk" */;
			productName = FirebaseAnalyticsWithoutAdIdSupport;
		};
		1E787CBE2AEFD06E009975CC /* FirebaseAppCheck */ = {
			isa = XCSwiftPackageProductDependency;
			package = E04D21982AE243940049D6A3 /* XCRemoteSwiftPackageReference "firebase-ios-sdk" */;
			productName = FirebaseAppCheck;
		};
		1E787CC02AEFD06E009975CC /* FirebaseAppDistribution-Beta */ = {
			isa = XCSwiftPackageProductDependency;
			package = E04D21982AE243940049D6A3 /* XCRemoteSwiftPackageReference "firebase-ios-sdk" */;
			productName = "FirebaseAppDistribution-Beta";
		};
		1E787CC22AEFD06E009975CC /* FirebaseAuth */ = {
			isa = XCSwiftPackageProductDependency;
			package = E04D21982AE243940049D6A3 /* XCRemoteSwiftPackageReference "firebase-ios-sdk" */;
			productName = FirebaseAuth;
		};
		1E787CC42AEFD06E009975CC /* FirebaseAuthCombine-Community */ = {
			isa = XCSwiftPackageProductDependency;
			package = E04D21982AE243940049D6A3 /* XCRemoteSwiftPackageReference "firebase-ios-sdk" */;
			productName = "FirebaseAuthCombine-Community";
		};
		1E787CC62AEFD06E009975CC /* FirebaseCrashlytics */ = {
			isa = XCSwiftPackageProductDependency;
			package = E04D21982AE243940049D6A3 /* XCRemoteSwiftPackageReference "firebase-ios-sdk" */;
			productName = FirebaseCrashlytics;
		};
		1E787CC82AEFD06E009975CC /* FirebaseDatabase */ = {
			isa = XCSwiftPackageProductDependency;
			package = E04D21982AE243940049D6A3 /* XCRemoteSwiftPackageReference "firebase-ios-sdk" */;
			productName = FirebaseDatabase;
		};
		1E787CCA2AEFD06E009975CC /* FirebaseDatabaseSwift */ = {
			isa = XCSwiftPackageProductDependency;
			package = E04D21982AE243940049D6A3 /* XCRemoteSwiftPackageReference "firebase-ios-sdk" */;
			productName = FirebaseDatabaseSwift;
		};
		1E787CCC2AEFD06E009975CC /* FirebaseDynamicLinks */ = {
			isa = XCSwiftPackageProductDependency;
			package = E04D21982AE243940049D6A3 /* XCRemoteSwiftPackageReference "firebase-ios-sdk" */;
			productName = FirebaseDynamicLinks;
		};
		1E787CCE2AEFD06E009975CC /* FirebaseFirestore */ = {
			isa = XCSwiftPackageProductDependency;
			package = E04D21982AE243940049D6A3 /* XCRemoteSwiftPackageReference "firebase-ios-sdk" */;
			productName = FirebaseFirestore;
		};
		1E787CD02AEFD06E009975CC /* FirebaseFirestoreCombine-Community */ = {
			isa = XCSwiftPackageProductDependency;
			package = E04D21982AE243940049D6A3 /* XCRemoteSwiftPackageReference "firebase-ios-sdk" */;
			productName = "FirebaseFirestoreCombine-Community";
		};
		1E787CD22AEFD06E009975CC /* FirebaseFirestoreSwift */ = {
			isa = XCSwiftPackageProductDependency;
			package = E04D21982AE243940049D6A3 /* XCRemoteSwiftPackageReference "firebase-ios-sdk" */;
			productName = FirebaseFirestoreSwift;
		};
		1E787CD42AEFD06E009975CC /* FirebaseFunctions */ = {
			isa = XCSwiftPackageProductDependency;
			package = E04D21982AE243940049D6A3 /* XCRemoteSwiftPackageReference "firebase-ios-sdk" */;
			productName = FirebaseFunctions;
		};
		1E787CD62AEFD06E009975CC /* FirebaseFunctionsCombine-Community */ = {
			isa = XCSwiftPackageProductDependency;
			package = E04D21982AE243940049D6A3 /* XCRemoteSwiftPackageReference "firebase-ios-sdk" */;
			productName = "FirebaseFunctionsCombine-Community";
		};
		1E787CD82AEFD06E009975CC /* FirebaseInAppMessaging-Beta */ = {
			isa = XCSwiftPackageProductDependency;
			package = E04D21982AE243940049D6A3 /* XCRemoteSwiftPackageReference "firebase-ios-sdk" */;
			productName = "FirebaseInAppMessaging-Beta";
		};
		1E787CDA2AEFD06E009975CC /* FirebaseInAppMessagingSwift-Beta */ = {
			isa = XCSwiftPackageProductDependency;
			package = E04D21982AE243940049D6A3 /* XCRemoteSwiftPackageReference "firebase-ios-sdk" */;
			productName = "FirebaseInAppMessagingSwift-Beta";
		};
		1E787CDC2AEFD06E009975CC /* FirebaseInstallations */ = {
			isa = XCSwiftPackageProductDependency;
			package = E04D21982AE243940049D6A3 /* XCRemoteSwiftPackageReference "firebase-ios-sdk" */;
			productName = FirebaseInstallations;
		};
		1E787CDE2AEFD06E009975CC /* FirebaseMLModelDownloader */ = {
			isa = XCSwiftPackageProductDependency;
			package = E04D21982AE243940049D6A3 /* XCRemoteSwiftPackageReference "firebase-ios-sdk" */;
			productName = FirebaseMLModelDownloader;
		};
		1E787CE02AEFD06E009975CC /* FirebaseMessaging */ = {
			isa = XCSwiftPackageProductDependency;
			package = E04D21982AE243940049D6A3 /* XCRemoteSwiftPackageReference "firebase-ios-sdk" */;
			productName = FirebaseMessaging;
		};
		1E787CE22AEFD06E009975CC /* FirebasePerformance */ = {
			isa = XCSwiftPackageProductDependency;
			package = E04D21982AE243940049D6A3 /* XCRemoteSwiftPackageReference "firebase-ios-sdk" */;
			productName = FirebasePerformance;
		};
		1E787CE42AEFD06E009975CC /* FirebaseRemoteConfig */ = {
			isa = XCSwiftPackageProductDependency;
			package = E04D21982AE243940049D6A3 /* XCRemoteSwiftPackageReference "firebase-ios-sdk" */;
			productName = FirebaseRemoteConfig;
		};
		1E787CE62AEFD06E009975CC /* FirebaseRemoteConfigSwift */ = {
			isa = XCSwiftPackageProductDependency;
			package = E04D21982AE243940049D6A3 /* XCRemoteSwiftPackageReference "firebase-ios-sdk" */;
			productName = FirebaseRemoteConfigSwift;
		};
		1E787CE82AEFD06E009975CC /* FirebaseStorage */ = {
			isa = XCSwiftPackageProductDependency;
			package = E04D21982AE243940049D6A3 /* XCRemoteSwiftPackageReference "firebase-ios-sdk" */;
			productName = FirebaseStorage;
		};
		1E787CEA2AEFD06E009975CC /* FirebaseStorageCombine-Community */ = {
			isa = XCSwiftPackageProductDependency;
			package = E04D21982AE243940049D6A3 /* XCRemoteSwiftPackageReference "firebase-ios-sdk" */;
			productName = "FirebaseStorageCombine-Community";
		};
		1EFFEC722AE13E58006EBD97 /* KakaoSDK */ = {
			isa = XCSwiftPackageProductDependency;
			package = 1EFFEC712AE13E58006EBD97 /* XCRemoteSwiftPackageReference "kakao-ios-sdk" */;
			productName = KakaoSDK;
		};
		1EFFEC742AE13E58006EBD97 /* KakaoSDKAuth */ = {
			isa = XCSwiftPackageProductDependency;
			package = 1EFFEC712AE13E58006EBD97 /* XCRemoteSwiftPackageReference "kakao-ios-sdk" */;
			productName = KakaoSDKAuth;
		};
		1EFFEC762AE13E58006EBD97 /* KakaoSDKCert */ = {
			isa = XCSwiftPackageProductDependency;
			package = 1EFFEC712AE13E58006EBD97 /* XCRemoteSwiftPackageReference "kakao-ios-sdk" */;
			productName = KakaoSDKCert;
		};
		1EFFEC782AE13E58006EBD97 /* KakaoSDKCertCore */ = {
			isa = XCSwiftPackageProductDependency;
			package = 1EFFEC712AE13E58006EBD97 /* XCRemoteSwiftPackageReference "kakao-ios-sdk" */;
			productName = KakaoSDKCertCore;
		};
		1EFFEC7A2AE13E58006EBD97 /* KakaoSDKCommon */ = {
			isa = XCSwiftPackageProductDependency;
			package = 1EFFEC712AE13E58006EBD97 /* XCRemoteSwiftPackageReference "kakao-ios-sdk" */;
			productName = KakaoSDKCommon;
		};
		1EFFEC7C2AE13E58006EBD97 /* KakaoSDKFriend */ = {
			isa = XCSwiftPackageProductDependency;
			package = 1EFFEC712AE13E58006EBD97 /* XCRemoteSwiftPackageReference "kakao-ios-sdk" */;
			productName = KakaoSDKFriend;
		};
		1EFFEC7E2AE13E58006EBD97 /* KakaoSDKFriendCore */ = {
			isa = XCSwiftPackageProductDependency;
			package = 1EFFEC712AE13E58006EBD97 /* XCRemoteSwiftPackageReference "kakao-ios-sdk" */;
			productName = KakaoSDKFriendCore;
		};
		1EFFEC802AE13E58006EBD97 /* KakaoSDKNavi */ = {
			isa = XCSwiftPackageProductDependency;
			package = 1EFFEC712AE13E58006EBD97 /* XCRemoteSwiftPackageReference "kakao-ios-sdk" */;
			productName = KakaoSDKNavi;
		};
		1EFFEC822AE13E58006EBD97 /* KakaoSDKShare */ = {
			isa = XCSwiftPackageProductDependency;
			package = 1EFFEC712AE13E58006EBD97 /* XCRemoteSwiftPackageReference "kakao-ios-sdk" */;
			productName = KakaoSDKShare;
		};
		1EFFEC842AE13E58006EBD97 /* KakaoSDKStory */ = {
			isa = XCSwiftPackageProductDependency;
			package = 1EFFEC712AE13E58006EBD97 /* XCRemoteSwiftPackageReference "kakao-ios-sdk" */;
			productName = KakaoSDKStory;
		};
		1EFFEC862AE13E58006EBD97 /* KakaoSDKTalk */ = {
			isa = XCSwiftPackageProductDependency;
			package = 1EFFEC712AE13E58006EBD97 /* XCRemoteSwiftPackageReference "kakao-ios-sdk" */;
			productName = KakaoSDKTalk;
		};
		1EFFEC882AE13E58006EBD97 /* KakaoSDKTemplate */ = {
			isa = XCSwiftPackageProductDependency;
			package = 1EFFEC712AE13E58006EBD97 /* XCRemoteSwiftPackageReference "kakao-ios-sdk" */;
			productName = KakaoSDKTemplate;
		};
		1EFFEC8A2AE13E58006EBD97 /* KakaoSDKUser */ = {
			isa = XCSwiftPackageProductDependency;
			package = 1EFFEC712AE13E58006EBD97 /* XCRemoteSwiftPackageReference "kakao-ios-sdk" */;
			productName = KakaoSDKUser;
		};
		1EFFEC8C2AE13E73006EBD97 /* KakaoSDK */ = {
			isa = XCSwiftPackageProductDependency;
			package = 1EFFEC712AE13E58006EBD97 /* XCRemoteSwiftPackageReference "kakao-ios-sdk" */;
			productName = KakaoSDK;
		};
		1EFFEC8E2AE13E73006EBD97 /* KakaoSDKAuth */ = {
			isa = XCSwiftPackageProductDependency;
			package = 1EFFEC712AE13E58006EBD97 /* XCRemoteSwiftPackageReference "kakao-ios-sdk" */;
			productName = KakaoSDKAuth;
		};
		1EFFEC902AE13E73006EBD97 /* KakaoSDKCert */ = {
			isa = XCSwiftPackageProductDependency;
			package = 1EFFEC712AE13E58006EBD97 /* XCRemoteSwiftPackageReference "kakao-ios-sdk" */;
			productName = KakaoSDKCert;
		};
		1EFFEC922AE13E73006EBD97 /* KakaoSDKCertCore */ = {
			isa = XCSwiftPackageProductDependency;
			package = 1EFFEC712AE13E58006EBD97 /* XCRemoteSwiftPackageReference "kakao-ios-sdk" */;
			productName = KakaoSDKCertCore;
		};
		1EFFEC942AE13E73006EBD97 /* KakaoSDKCommon */ = {
			isa = XCSwiftPackageProductDependency;
			package = 1EFFEC712AE13E58006EBD97 /* XCRemoteSwiftPackageReference "kakao-ios-sdk" */;
			productName = KakaoSDKCommon;
		};
		1EFFEC962AE13E73006EBD97 /* KakaoSDKFriend */ = {
			isa = XCSwiftPackageProductDependency;
			package = 1EFFEC712AE13E58006EBD97 /* XCRemoteSwiftPackageReference "kakao-ios-sdk" */;
			productName = KakaoSDKFriend;
		};
		1EFFEC982AE13E73006EBD97 /* KakaoSDKFriendCore */ = {
			isa = XCSwiftPackageProductDependency;
			package = 1EFFEC712AE13E58006EBD97 /* XCRemoteSwiftPackageReference "kakao-ios-sdk" */;
			productName = KakaoSDKFriendCore;
		};
		1EFFEC9A2AE13E73006EBD97 /* KakaoSDKNavi */ = {
			isa = XCSwiftPackageProductDependency;
			package = 1EFFEC712AE13E58006EBD97 /* XCRemoteSwiftPackageReference "kakao-ios-sdk" */;
			productName = KakaoSDKNavi;
		};
		1EFFEC9C2AE13E73006EBD97 /* KakaoSDKShare */ = {
			isa = XCSwiftPackageProductDependency;
			package = 1EFFEC712AE13E58006EBD97 /* XCRemoteSwiftPackageReference "kakao-ios-sdk" */;
			productName = KakaoSDKShare;
		};
		1EFFEC9E2AE13E73006EBD97 /* KakaoSDKStory */ = {
			isa = XCSwiftPackageProductDependency;
			package = 1EFFEC712AE13E58006EBD97 /* XCRemoteSwiftPackageReference "kakao-ios-sdk" */;
			productName = KakaoSDKStory;
		};
		1EFFECA02AE13E73006EBD97 /* KakaoSDKTalk */ = {
			isa = XCSwiftPackageProductDependency;
			package = 1EFFEC712AE13E58006EBD97 /* XCRemoteSwiftPackageReference "kakao-ios-sdk" */;
			productName = KakaoSDKTalk;
		};
		1EFFECA22AE13E73006EBD97 /* KakaoSDKTemplate */ = {
			isa = XCSwiftPackageProductDependency;
			package = 1EFFEC712AE13E58006EBD97 /* XCRemoteSwiftPackageReference "kakao-ios-sdk" */;
			productName = KakaoSDKTemplate;
		};
		1EFFECA42AE13E73006EBD97 /* KakaoSDKUser */ = {
			isa = XCSwiftPackageProductDependency;
			package = 1EFFEC712AE13E58006EBD97 /* XCRemoteSwiftPackageReference "kakao-ios-sdk" */;
			productName = KakaoSDKUser;
		};
		1EFFECAC2AE145B9006EBD97 /* SnapKit */ = {
			isa = XCSwiftPackageProductDependency;
			package = 1EFFECAB2AE145B9006EBD97 /* XCRemoteSwiftPackageReference "SnapKit" */;
			productName = SnapKit;
		};
		1EFFECAE2AE145B9006EBD97 /* SnapKit-Dynamic */ = {
			isa = XCSwiftPackageProductDependency;
			package = 1EFFECAB2AE145B9006EBD97 /* XCRemoteSwiftPackageReference "SnapKit" */;
			productName = "SnapKit-Dynamic";
		};
		1EFFECB32AE21125006EBD97 /* TossPayments */ = {
			isa = XCSwiftPackageProductDependency;
			package = 1EFFECB22AE21125006EBD97 /* XCRemoteSwiftPackageReference "payment-sdk-ios" */;
			productName = TossPayments;
		};
		E04D21992AE243940049D6A3 /* FirebaseAnalytics */ = {
			isa = XCSwiftPackageProductDependency;
			package = E04D21982AE243940049D6A3 /* XCRemoteSwiftPackageReference "firebase-ios-sdk" */;
			productName = FirebaseAnalytics;
		};
		E04D219B2AE243940049D6A3 /* FirebaseAuth */ = {
			isa = XCSwiftPackageProductDependency;
			package = E04D21982AE243940049D6A3 /* XCRemoteSwiftPackageReference "firebase-ios-sdk" */;
			productName = FirebaseAuth;
		};
		E04D219D2AE243940049D6A3 /* FirebaseAuthCombine-Community */ = {
			isa = XCSwiftPackageProductDependency;
			package = E04D21982AE243940049D6A3 /* XCRemoteSwiftPackageReference "firebase-ios-sdk" */;
			productName = "FirebaseAuthCombine-Community";
		};
		E04D219F2AE243940049D6A3 /* FirebaseDatabase */ = {
			isa = XCSwiftPackageProductDependency;
			package = E04D21982AE243940049D6A3 /* XCRemoteSwiftPackageReference "firebase-ios-sdk" */;
			productName = FirebaseDatabase;
		};
		E04D21A12AE243940049D6A3 /* FirebaseFirestore */ = {
			isa = XCSwiftPackageProductDependency;
			package = E04D21982AE243940049D6A3 /* XCRemoteSwiftPackageReference "firebase-ios-sdk" */;
			productName = FirebaseFirestore;
		};
/* End XCSwiftPackageProductDependency section */
	};
	rootObject = 1ECD9DD82ADD34E5008DC85F /* Project object */;
}
